{
  "name": "@zerobias-org/segment-zerobias-itm",
  "version": "1.0.2",
  "lockfileVersion": 2,
  "requires": true,
  "packages": {
    "": {
      "name": "@zerobias-org/segment-zerobias-itm",
      "version": "1.0.2",
      "license": "ISC",
      "dependencies": {
        "@auditlogic/vendor-zerobias": "^1.0.0",
        "@zerobias-org/segment_type-zerobias": "^1.0.2"
      }
    },
    "node_modules/@auditlogic/vendor-zerobias": {
      "version": "1.0.0",
      "resolved": "https://pkg.zerobias.org/@auditlogic/vendor-zerobias/-/e051a99849948ce67721da0d5215aae8e293906e",
      "integrity": "sha512-+rgU3lJDY04mkQxk8jwKWtCTDVUIDxH5YitnJbp3gNecFqCIIaq6GUXH06ZMSi8pcivWMOuYilyXPYdVlmT2Gw=="
    },
    "node_modules/@zerobias-org/segment_type-zerobias": {
      "version": "1.0.2",
      "resolved": "https://npm.pkg.github.com/download/@zerobias-org/segment_type-zerobias/1.0.2/ddcdc551b266858995be8728a24668ece498415d",
      "integrity": "sha512-l5CSpLpp3z0lYuShuPWpyqMkE4Q2yYum0XVlcBm65oViaPaOiECH6/jPzSfRpG9pawMpUJwd6ALOnNE9DEbFlQ==",
      "license": "ISC",
      "dependencies": {
        "@auditlogic/vendor-zerobias": "^1.0.0"
      }
    }
  },
  "dependencies": {
    "@auditlogic/vendor-zerobias": {
      "version": "1.0.0",
      "resolved": "https://pkg.zerobias.org/@auditlogic/vendor-zerobias/-/e051a99849948ce67721da0d5215aae8e293906e",
      "integrity": "sha512-+rgU3lJDY04mkQxk8jwKWtCTDVUIDxH5YitnJbp3gNecFqCIIaq6GUXH06ZMSi8pcivWMOuYilyXPYdVlmT2Gw=="
    },
    "@zerobias-org/segment_type-zerobias": {
      "version": "1.0.2",
      "resolved": "https://npm.pkg.github.com/download/@zerobias-org/segment_type-zerobias/1.0.2/ddcdc551b266858995be8728a24668ece498415d",
      "integrity": "sha512-l5CSpLpp3z0lYuShuPWpyqMkE4Q2yYum0XVlcBm65oViaPaOiECH6/jPzSfRpG9pawMpUJwd6ALOnNE9DEbFlQ==",
      "requires": {
        "@auditlogic/vendor-zerobias": "^1.0.0"
      }
    }
  }
}
