{
  "name": "@zerobias-org/segment-zerobias-t_iam",
  "version": "2.0.1",
  "lockfileVersion": 3,
  "requires": true,
  "packages": {
    "": {
      "name": "@zerobias-org/segment-zerobias-t_iam",
      "version": "2.0.1",
      "license": "ISC",
      "dependencies": {
        "@auditlogic/vendor-zerobias": "*",
        "@zerobias-org/compliance_feature-zerobias-f_cupad": "*",
        "@zerobias-org/compliance_feature-zerobias-f_raa": "*",
        "@zerobias-org/compliance_feature-zerobias-f_rbac": "*",
        "@zerobias-org/compliance_feature-zerobias-f_ssomfa": "*",
        "@zerobias-org/compliance_feature-zerobias-f_uaaa": "*",
        "@zerobias-org/segment_type-zerobias": "*",
        "@zerobias-org/segment-zerobias-c_itg": "*"
      }
    },
    "node_modules/@auditlogic/vendor-zerobias": {
      "version": "1.0.0",
      "integrity": "sha512-+rgU3lJDY04mkQxk8jwKWtCTDVUIDxH5YitnJbp3gNecFqCIIaq6GUXH06ZMSi8pcivWMOuYilyXPYdVlmT2Gw==",
      "license": "ISC"
    },
    "node_modules/@zerobias-org/compliance_feature-zerobias-f_cupad": {
      "version": "2.0.0",
      "integrity": "sha512-hbfBsjeIzJk8GGJkEuACDn41G29mEdkB3VXXUTzWUAH0uBvO49ik6A33zMcWXe23fNXjyxMiqoXnDPqewFv/BQ==",
      "license": "ISC",
      "dependencies": {
        "@auditlogic/vendor-zerobias": "latest"
      }
    },
    "node_modules/@zerobias-org/compliance_feature-zerobias-f_raa": {
      "version": "2.0.0",
      "integrity": "sha512-E4LGRTslXOAeRCjH2OxQpIiBLrUBWo/pXubzKpbKro8Kqk3e6QykXSOkqNR64bMYSA4diBEPzX1uCbtO0tbE6Q==",
      "license": "ISC",
      "dependencies": {
        "@auditlogic/vendor-zerobias": "latest"
      }
    },
    "node_modules/@zerobias-org/compliance_feature-zerobias-f_rbac": {
      "version": "2.0.1",
      "integrity": "sha512-9njW+xconm5bI4EMgmhsG+sk7BE7t7omwJJw7OG9gjVx7SdcYEf4Q+nrJ7TGzxz8zaAtESOGJ46jtzeJPBNT7w==",
      "license": "ISC",
      "dependencies": {
        "@auditlogic/vendor-zerobias": "latest"
      }
    },
    "node_modules/@zerobias-org/compliance_feature-zerobias-f_ssomfa": {
      "version": "2.0.1",
      "integrity": "sha512-lLjTmI1bDbR8pTx/j6OXQB1PaIbrvtR9p+55kjJ5ratC6kRwLCpslLDo/hPE+C00nHCmnJGbadAbyyAIn/ZlOA==",
      "license": "ISC",
      "dependencies": {
        "@auditlogic/vendor-zerobias": "latest"
      }
    },
    "node_modules/@zerobias-org/compliance_feature-zerobias-f_uaaa": {
      "version": "2.0.0",
      "integrity": "sha512-hS8pgP0KxplyAhqND8pfVX73dd3DyQPUY+MPY+6eXxvO/hMU8CJrqCZ58HrdxRu17IdOa2/TdTUtc6tvwz2wbw==",
      "license": "ISC",
      "dependencies": {
        "@auditlogic/vendor-zerobias": "latest"
      }
    },
    "node_modules/@zerobias-org/segment_type-zerobias": {
      "version": "1.0.15",
      "integrity": "sha512-nYJGXCMnk0LEkogHobbS7+HwRr4aSY2yj1wiG9HqZ6aCKDja2PSha5AVzQFUUY4nN5QlCJoDdKiQPKiqxPf4uw==",
      "license": "ISC",
      "dependencies": {
        "@auditlogic/vendor-zerobias": "^1.0.0"
      }
    },
    "node_modules/@zerobias-org/segment-zerobias-c_itg": {
      "version": "2.0.1",
      "integrity": "sha512-O4EK1QcxMrEibBhDn6UL6Xad30z8IZKTH26e89kfXDiwil8gAzfX047h5gin8cemj8bkdkxWWW09GHenXlDPkg==",
      "license": "ISC",
      "dependencies": {
        "@auditlogic/vendor-zerobias": "*",
        "@zerobias-org/segment_type-zerobias": "*",
        "@zerobias-org/segment-zerobias-d_itm": "*"
      }
    },
    "node_modules/@zerobias-org/segment-zerobias-d_itm": {
      "version": "2.0.1",
      "integrity": "sha512-CMfJF4vbWs//eZcFTIDRRzibTFZn2g0OACQCQnFZY6aOuiyw9hTdjbQzo8HiDqW61o6KNnh5GV9s3Dd4kLROYA==",
      "license": "ISC",
      "dependencies": {
        "@auditlogic/vendor-zerobias": "*",
        "@zerobias-org/segment_type-zerobias": "*"
      }
    }
  }
}
