{
  "name": "@zerobias-org/segment-zerobias-t_cspm",
  "version": "2.0.1",
  "lockfileVersion": 3,
  "requires": true,
  "packages": {
    "": {
      "name": "@zerobias-org/segment-zerobias-t_cspm",
      "version": "2.0.1",
      "license": "ISC",
      "dependencies": {
        "@auditlogic/vendor-zerobias": "*",
        "@zerobias-org/compliance_feature-zerobias-f_acm": "*",
        "@zerobias-org/compliance_feature-zerobias-f_ca": "*",
        "@zerobias-org/compliance_feature-zerobias-f_cadai": "*",
        "@zerobias-org/compliance_feature-zerobias-f_cm3": "*",
        "@zerobias-org/compliance_feature-zerobias-f_cvwd": "*",
        "@zerobias-org/compliance_feature-zerobias-f_ri": "*",
        "@zerobias-org/compliance_feature-zerobias-f_rp": "*",
        "@zerobias-org/compliance_feature-zerobias-f_rta": "*",
        "@zerobias-org/compliance_feature-zerobias-f_spe": "*",
        "@zerobias-org/compliance_feature-zerobias-f_vmm": "*",
        "@zerobias-org/compliance_feature-zerobias-f_vr": "*",
        "@zerobias-org/segment_type-zerobias": "*",
        "@zerobias-org/segment-zerobias-c_sg": "*"
      }
    },
    "node_modules/@auditlogic/vendor-zerobias": {
      "version": "1.0.0",
      "integrity": "sha512-+rgU3lJDY04mkQxk8jwKWtCTDVUIDxH5YitnJbp3gNecFqCIIaq6GUXH06ZMSi8pcivWMOuYilyXPYdVlmT2Gw==",
      "license": "ISC"
    },
    "node_modules/@zerobias-org/compliance_feature-zerobias-f_acm": {
      "version": "2.0.0",
      "integrity": "sha512-75Kzul+PiX6aQRdd4rFNgaMSRlRzWIWk6viX7C3Kzqeb+p0+Mk9xMccKUH20Ol0b0G7fuRL/dIxQ2E/oVRM3yw==",
      "license": "ISC",
      "dependencies": {
        "@auditlogic/vendor-zerobias": "latest"
      }
    },
    "node_modules/@zerobias-org/compliance_feature-zerobias-f_ca": {
      "version": "2.0.0",
      "integrity": "sha512-p3tOFcWBtm1l0OrusWO6kemkKg/6yCnFmVgORcvMQg/3hXdzEM9YeKqKePE4ey4MC/VPDHfX3XrAewOn8qlT8g==",
      "license": "ISC",
      "dependencies": {
        "@auditlogic/vendor-zerobias": "latest"
      }
    },
    "node_modules/@zerobias-org/compliance_feature-zerobias-f_cadai": {
      "version": "2.0.0",
      "integrity": "sha512-Qtuqfh37Vp4Ycg3C34PcDCCSALZU638wuCqM/+ZNj/gPFO8HCSWJI0Bs7YxNe37qeVOE/xtgn8PxCJ3Jm3XlnA==",
      "license": "ISC",
      "dependencies": {
        "@auditlogic/vendor-zerobias": "latest"
      }
    },
    "node_modules/@zerobias-org/compliance_feature-zerobias-f_cm3": {
      "version": "2.0.0",
      "integrity": "sha512-roepqfENt3u721mFaYKNfmq51EE6t8/Pb6tZ5iGA3sRm8d6ianctd82vjr/n+t73U816CDBlQ5Yr3bi52SynBg==",
      "license": "ISC",
      "dependencies": {
        "@auditlogic/vendor-zerobias": "latest"
      }
    },
    "node_modules/@zerobias-org/compliance_feature-zerobias-f_cvwd": {
      "version": "2.0.0",
      "integrity": "sha512-BOvs0XMPbPJbPr5fyDzoE6KTDu2rhCYao0v9qTLRikBwqLIRSKqTDPHYempQ4vFaLhdjYTSpk3jwiQQJPtvpIg==",
      "license": "ISC",
      "dependencies": {
        "@auditlogic/vendor-zerobias": "latest"
      }
    },
    "node_modules/@zerobias-org/compliance_feature-zerobias-f_ri": {
      "version": "2.0.0",
      "integrity": "sha512-L771SG+cKD8TzuBSRUQBab7cAz6EeyTLCE+kWq7LHldlSvDalT7znExdKg9oZlu9R8trhPdXhXujm6Q3aUJ7FA==",
      "license": "ISC",
      "dependencies": {
        "@auditlogic/vendor-zerobias": "latest"
      }
    },
    "node_modules/@zerobias-org/compliance_feature-zerobias-f_rp": {
      "version": "2.0.0",
      "integrity": "sha512-Z8ZWJOY2ngmGW8Tc+75K7f5Dd3oT2pdcHwCExmxWJmNFJCd4Xto/vDRLcUqtbNKPYYloqd5nq9NWptC8C9/6Yg==",
      "license": "ISC",
      "dependencies": {
        "@auditlogic/vendor-zerobias": "latest"
      }
    },
    "node_modules/@zerobias-org/compliance_feature-zerobias-f_rta": {
      "version": "2.0.0",
      "integrity": "sha512-FaXcGN9zwlmmf9+irRSfDChbhVa9uybwEK3b2veX84hakshgtvLO1qFywwDOGLcvp67DBPgfW4zm5deS2zCCOg==",
      "license": "ISC",
      "dependencies": {
        "@auditlogic/vendor-zerobias": "latest"
      }
    },
    "node_modules/@zerobias-org/compliance_feature-zerobias-f_spe": {
      "version": "2.0.0",
      "integrity": "sha512-cSSKsrtvulPfSmYUCWP601N9IVhFAKiCeZQYEuTq3BCJIY2dxfbz2xZ7+YfGhPKAnJS7rDAyK/gtzANWx9LlOQ==",
      "license": "ISC",
      "dependencies": {
        "@auditlogic/vendor-zerobias": "latest"
      }
    },
    "node_modules/@zerobias-org/compliance_feature-zerobias-f_vmm": {
      "version": "2.0.0",
      "integrity": "sha512-iU0icA+9a+fEAXJzEavKbvs2EW1hwM/Q4VAsIDB8fKfMf14pTaM9U843pY4KyMeivxu76ICZhjgJ4XgdwhD2dA==",
      "license": "ISC",
      "dependencies": {
        "@auditlogic/vendor-zerobias": "latest"
      }
    },
    "node_modules/@zerobias-org/compliance_feature-zerobias-f_vr": {
      "version": "2.0.0",
      "integrity": "sha512-y3a9oIi9jYu46y/pvDrH6DQxwU6wL5A2ilvK+RaXJua/ROzuajlt98d6XDLPJEGlJwhKH41LB/EwPM6DfwiWUw==",
      "license": "ISC",
      "dependencies": {
        "@auditlogic/vendor-zerobias": "latest"
      }
    },
    "node_modules/@zerobias-org/segment_type-zerobias": {
      "version": "1.0.15",
      "integrity": "sha512-nYJGXCMnk0LEkogHobbS7+HwRr4aSY2yj1wiG9HqZ6aCKDja2PSha5AVzQFUUY4nN5QlCJoDdKiQPKiqxPf4uw==",
      "license": "ISC",
      "dependencies": {
        "@auditlogic/vendor-zerobias": "^1.0.0"
      }
    },
    "node_modules/@zerobias-org/segment-zerobias-c_sg": {
      "version": "2.0.1",
      "integrity": "sha512-CkmSrhOQ+yL3yX7Me+lSa4iUpc6Pr0VZ3fCPFejQlC1h2+MD3VPIZOtiInDyQzJ+AETIDtf0D8Er85cHzxG0KA==",
      "license": "ISC",
      "dependencies": {
        "@auditlogic/vendor-zerobias": "*",
        "@zerobias-org/segment_type-zerobias": "*",
        "@zerobias-org/segment-zerobias-d_cs": "*"
      }
    },
    "node_modules/@zerobias-org/segment-zerobias-d_cs": {
      "version": "2.0.1",
      "integrity": "sha512-KNwjrxo/T0GIMwFcl5K9LBKtzhGKlpGE1+rljB8uOPzx7/V1updJ2z5Q22zhr9lTOYsPoovdR4YdiNutCbFhdQ==",
      "license": "ISC",
      "dependencies": {
        "@auditlogic/vendor-zerobias": "*",
        "@zerobias-org/segment_type-zerobias": "*"
      }
    }
  }
}
