{
  "name": "@zerobias-org/segment-zerobias-t_mdm",
  "version": "2.0.1",
  "lockfileVersion": 3,
  "requires": true,
  "packages": {
    "": {
      "name": "@zerobias-org/segment-zerobias-t_mdm",
      "version": "2.0.1",
      "license": "ISC",
      "dependencies": {
        "@auditlogic/vendor-zerobias": "*",
        "@zerobias-org/compliance_feature-zerobias-f_amarod": "*",
        "@zerobias-org/compliance_feature-zerobias-f_dtag": "*",
        "@zerobias-org/compliance_feature-zerobias-f_rdcau": "*",
        "@zerobias-org/compliance_feature-zerobias-f_rwflosd": "*",
        "@zerobias-org/compliance_feature-zerobias-f_spe": "*",
        "@zerobias-org/segment_type-zerobias": "*",
        "@zerobias-org/segment-zerobias-c_es": "*"
      }
    },
    "node_modules/@auditlogic/vendor-zerobias": {
      "version": "1.0.0",
      "integrity": "sha512-+rgU3lJDY04mkQxk8jwKWtCTDVUIDxH5YitnJbp3gNecFqCIIaq6GUXH06ZMSi8pcivWMOuYilyXPYdVlmT2Gw==",
      "license": "ISC"
    },
    "node_modules/@zerobias-org/compliance_feature-zerobias-f_amarod": {
      "version": "2.0.0",
      "integrity": "sha512-Rz1ZVO98prKmwNcAZ4SFiyJZDUcPFkilqQJpwg8fm2V2GNIRDLPRERlUiYt3Trouh+N1EJGKbvE+R+bvSgKRvw==",
      "license": "ISC",
      "dependencies": {
        "@auditlogic/vendor-zerobias": "latest"
      }
    },
    "node_modules/@zerobias-org/compliance_feature-zerobias-f_dtag": {
      "version": "2.0.0",
      "integrity": "sha512-C8uMNk1UWpV+OkO9Khb64TBmP7wwHXsAfDPTQvKRfEHGGAluTye/TvaTp4FOzyxmSucAMuR0W8JumurzkD6nHQ==",
      "license": "ISC",
      "dependencies": {
        "@auditlogic/vendor-zerobias": "latest"
      }
    },
    "node_modules/@zerobias-org/compliance_feature-zerobias-f_rdcau": {
      "version": "2.0.0",
      "integrity": "sha512-lugsd6GZDZhss2G7kYw02uTphwbCrRXdwEuO05OLJqx4eqhTQP3mN0XAMkngTkNZuclSykruByJhInzpOCE/SA==",
      "license": "ISC",
      "dependencies": {
        "@auditlogic/vendor-zerobias": "latest"
      }
    },
    "node_modules/@zerobias-org/compliance_feature-zerobias-f_rwflosd": {
      "version": "2.0.0",
      "integrity": "sha512-nizNq1NkITV1fK1xy4bE4VE1EkIU63ISNEQJf7vMGAurlAAMlldFuskqqaQvwkgmIZtjwf+JmMdCR87GAHIC7A==",
      "license": "ISC",
      "dependencies": {
        "@auditlogic/vendor-zerobias": "latest"
      }
    },
    "node_modules/@zerobias-org/compliance_feature-zerobias-f_spe": {
      "version": "2.0.0",
      "integrity": "sha512-cSSKsrtvulPfSmYUCWP601N9IVhFAKiCeZQYEuTq3BCJIY2dxfbz2xZ7+YfGhPKAnJS7rDAyK/gtzANWx9LlOQ==",
      "license": "ISC",
      "dependencies": {
        "@auditlogic/vendor-zerobias": "latest"
      }
    },
    "node_modules/@zerobias-org/segment_type-zerobias": {
      "version": "1.0.15",
      "integrity": "sha512-nYJGXCMnk0LEkogHobbS7+HwRr4aSY2yj1wiG9HqZ6aCKDja2PSha5AVzQFUUY4nN5QlCJoDdKiQPKiqxPf4uw==",
      "license": "ISC",
      "dependencies": {
        "@auditlogic/vendor-zerobias": "^1.0.0"
      }
    },
    "node_modules/@zerobias-org/segment-zerobias-c_es": {
      "version": "2.0.1",
      "integrity": "sha512-JvjAxABJUMlZF3kwLVwVw+N4pwxapdemg5v7kezbJki589VTC6NarKyNjaDBV5qUiwXc/1uCVp8C1vr6dNwQyQ==",
      "license": "ISC",
      "dependencies": {
        "@auditlogic/vendor-zerobias": "*",
        "@zerobias-org/segment_type-zerobias": "*",
        "@zerobias-org/segment-zerobias-d_cs": "*"
      }
    },
    "node_modules/@zerobias-org/segment-zerobias-d_cs": {
      "version": "2.0.1",
      "integrity": "sha512-KNwjrxo/T0GIMwFcl5K9LBKtzhGKlpGE1+rljB8uOPzx7/V1updJ2z5Q22zhr9lTOYsPoovdR4YdiNutCbFhdQ==",
      "license": "ISC",
      "dependencies": {
        "@auditlogic/vendor-zerobias": "*",
        "@zerobias-org/segment_type-zerobias": "*"
      }
    }
  }
}
