{
  "name": "@zerobias-org/segment-zerobias-devices",
  "version": "1.0.13",
  "lockfileVersion": 2,
  "requires": true,
  "packages": {
    "": {
      "name": "@zerobias-org/segment-zerobias-devices",
      "version": "1.0.13",
      "license": "ISC",
      "dependencies": {
        "@auditlogic/vendor-zerobias": "^1.0.0",
        "@zerobias-org/segment_type-zerobias": "^1.0.12",
        "@zerobias-org/segment-zerobias-itm": "^1.0.13"
      }
    },
    "node_modules/@auditlogic/vendor-zerobias": {
      "version": "1.0.0",
      "resolved": "https://pkg.zerobias.org/@auditlogic/vendor-zerobias/-/e051a99849948ce67721da0d5215aae8e293906e",
      "integrity": "sha512-+rgU3lJDY04mkQxk8jwKWtCTDVUIDxH5YitnJbp3gNecFqCIIaq6GUXH06ZMSi8pcivWMOuYilyXPYdVlmT2Gw=="
    },
    "node_modules/@zerobias-org/segment_type-zerobias": {
      "version": "1.0.12",
      "resolved": "https://pkg.zerobias.org/@zerobias-org/segment_type-zerobias/-/segment_type-zerobias-1.0.12.tgz",
      "integrity": "sha512-WFRlYzIqqaHLcSatw5UPh56jqY3eR+/Oair277EbciHTy8SExRefEF/GhfIvK9f/ZqnCFsTjHaIqXsm7AphjpQ==",
      "dependencies": {
        "@auditlogic/vendor-zerobias": "^1.0.0"
      }
    },
    "node_modules/@zerobias-org/segment-zerobias-itm": {
      "version": "1.0.13",
      "resolved": "https://pkg.zerobias.org/@zerobias-org/segment-zerobias-itm/-/segment-zerobias-itm-1.0.13.tgz",
      "integrity": "sha512-Bk/jpoOsbsDAns0o8/9UWFTNqcDCQqlboMu+u355ngUmtS8CU27gv/cj1t81yBc7fTu5kB5DfsF6BDWLTk1hQg==",
      "dependencies": {
        "@auditlogic/vendor-zerobias": "^1.0.0",
        "@zerobias-org/segment_type-zerobias": "^1.0.12"
      }
    }
  },
  "dependencies": {
    "@auditlogic/vendor-zerobias": {
      "version": "1.0.0",
      "resolved": "https://pkg.zerobias.org/@auditlogic/vendor-zerobias/-/e051a99849948ce67721da0d5215aae8e293906e",
      "integrity": "sha512-+rgU3lJDY04mkQxk8jwKWtCTDVUIDxH5YitnJbp3gNecFqCIIaq6GUXH06ZMSi8pcivWMOuYilyXPYdVlmT2Gw=="
    },
    "@zerobias-org/segment_type-zerobias": {
      "version": "1.0.12",
      "resolved": "https://pkg.zerobias.org/@zerobias-org/segment_type-zerobias/-/segment_type-zerobias-1.0.12.tgz",
      "integrity": "sha512-WFRlYzIqqaHLcSatw5UPh56jqY3eR+/Oair277EbciHTy8SExRefEF/GhfIvK9f/ZqnCFsTjHaIqXsm7AphjpQ==",
      "requires": {
        "@auditlogic/vendor-zerobias": "^1.0.0"
      }
    },
    "@zerobias-org/segment-zerobias-itm": {
      "version": "1.0.13",
      "resolved": "https://pkg.zerobias.org/@zerobias-org/segment-zerobias-itm/-/segment-zerobias-itm-1.0.13.tgz",
      "integrity": "sha512-Bk/jpoOsbsDAns0o8/9UWFTNqcDCQqlboMu+u355ngUmtS8CU27gv/cj1t81yBc7fTu5kB5DfsF6BDWLTk1hQg==",
      "requires": {
        "@auditlogic/vendor-zerobias": "^1.0.0",
        "@zerobias-org/segment_type-zerobias": "^1.0.12"
      }
    }
  }
}
