{
  "name": "@zerobias-org/segment-zerobias-t_caasm",
  "version": "2.0.0",
  "lockfileVersion": 3,
  "requires": true,
  "packages": {
    "": {
      "name": "@zerobias-org/segment-zerobias-t_caasm",
      "version": "2.0.0",
      "license": "ISC",
      "dependencies": {
        "@auditlogic/vendor-zerobias": "*",
        "@zerobias-org/compliance_feature-zerobias-f_adai": "*",
        "@zerobias-org/compliance_feature-zerobias-f_asm": "*",
        "@zerobias-org/segment_type-zerobias": "*",
        "@zerobias-org/segment-zerobias-c_em": "*"
      }
    },
    "node_modules/@auditlogic/vendor-zerobias": {
      "version": "1.0.0",
      "integrity": "sha512-+rgU3lJDY04mkQxk8jwKWtCTDVUIDxH5YitnJbp3gNecFqCIIaq6GUXH06ZMSi8pcivWMOuYilyXPYdVlmT2Gw==",
      "license": "ISC"
    },
    "node_modules/@zerobias-org/compliance_feature-zerobias-f_adai": {
      "version": "2.0.0",
      "integrity": "sha512-KbRhW7DaqZ3JYjU4+1bSU3v7yMDbGsn2+siIEtt/zX1WXvC9EEQdfGKvItubUh7UJIa9Hk+jJKkHSLjc50ubvg==",
      "license": "ISC",
      "dependencies": {
        "@auditlogic/vendor-zerobias": "latest"
      }
    },
    "node_modules/@zerobias-org/compliance_feature-zerobias-f_asm": {
      "version": "2.0.0",
      "integrity": "sha512-dbXzUSbvioqayAgclj/iTPgs8Cfmw3sokyhXG9rd08GupDs1wOqe1M1uVazafvLhGCVKW80LaLCq1bUuz5warg==",
      "license": "ISC",
      "dependencies": {
        "@auditlogic/vendor-zerobias": "latest"
      }
    },
    "node_modules/@zerobias-org/compliance_feature-zerobias-f_iw_cp": {
      "version": "2.0.0",
      "integrity": "sha512-3qneaZbUS0huqUWEE1t/gWD2JwT3qq4MoioMhAZyXRb+3j2y4hi6fAqLXrmf9uokrCOQgkTfDe1q7TpNzbrnrg==",
      "license": "ISC",
      "dependencies": {
        "@auditlogic/vendor-zerobias": "latest"
      }
    },
    "node_modules/@zerobias-org/compliance_feature-zerobias-f_ma": {
      "version": "2.0.0",
      "integrity": "sha512-wOwVJj7T54DDEhrCDjpT2MUyP1YYcg4qhs4Be3GKDun5Q7bn+LSMM+N1MSCPf5QQgi5YBJ3FigND7DjD72NebQ==",
      "license": "ISC",
      "dependencies": {
        "@auditlogic/vendor-zerobias": "latest"
      }
    },
    "node_modules/@zerobias-org/segment_type-zerobias": {
      "version": "1.0.15",
      "integrity": "sha512-nYJGXCMnk0LEkogHobbS7+HwRr4aSY2yj1wiG9HqZ6aCKDja2PSha5AVzQFUUY4nN5QlCJoDdKiQPKiqxPf4uw==",
      "license": "ISC",
      "dependencies": {
        "@auditlogic/vendor-zerobias": "^1.0.0"
      }
    },
    "node_modules/@zerobias-org/segment-zerobias-c_em": {
      "version": "2.0.0",
      "integrity": "sha512-2KlWCaZ2tM1R1t6X0U/kbT5CXYaDtHNcuF68TUMle2vD645rNXxA5msv1O2GUyNEPpO+CI2DlPef95pNXy8cnA==",
      "license": "ISC",
      "dependencies": {
        "@auditlogic/vendor-zerobias": "latest",
        "@zerobias-org/compliance_feature-zerobias-f_iw_cp": "latest",
        "@zerobias-org/compliance_feature-zerobias-f_ma": "latest",
        "@zerobias-org/segment_type-zerobias": "latest",
        "@zerobias-org/segment-zerobias-d_cs": "latest"
      }
    },
    "node_modules/@zerobias-org/segment-zerobias-d_cs": {
      "version": "2.0.0",
      "integrity": "sha512-Yl6XANt/1ACUO81EFzkVI3WJJx+vVSXMXztpndt+kEMd3Lp3gcEfczHgt+t8Q8twe+T+GPiX8B5vk4KMNg+P4w==",
      "license": "ISC",
      "dependencies": {
        "@auditlogic/vendor-zerobias": "latest",
        "@zerobias-org/segment_type-zerobias": "latest"
      }
    }
  }
}
