{
  "name": "@zerobias-org/segment-zerobias-t_vchp",
  "version": "2.0.0",
  "lockfileVersion": 3,
  "requires": true,
  "packages": {
    "": {
      "name": "@zerobias-org/segment-zerobias-t_vchp",
      "version": "2.0.0",
      "license": "ISC",
      "dependencies": {
        "@auditlogic/vendor-zerobias": "*",
        "@zerobias-org/compliance_feature-zerobias-f_2fa": "*",
        "@zerobias-org/compliance_feature-zerobias-f_acfcr": "*",
        "@zerobias-org/compliance_feature-zerobias-f_afcr": "*",
        "@zerobias-org/compliance_feature-zerobias-f_al": "*",
        "@zerobias-org/compliance_feature-zerobias-f_cbam": "*",
        "@zerobias-org/compliance_feature-zerobias-f_ce2": "*",
        "@zerobias-org/compliance_feature-zerobias-f_chfcr": "*",
        "@zerobias-org/compliance_feature-zerobias-f_cs2": "*",
        "@zerobias-org/compliance_feature-zerobias-f_dfcr": "*",
        "@zerobias-org/compliance_feature-zerobias-f_it": "*",
        "@zerobias-org/compliance_feature-zerobias-f_iw_cicd": "*",
        "@zerobias-org/compliance_feature-zerobias-f_iw_cp": "*",
        "@zerobias-org/compliance_feature-zerobias-f_iw_des": "*",
        "@zerobias-org/compliance_feature-zerobias-f_iw_it": "*",
        "@zerobias-org/compliance_feature-zerobias-f_iw_pdm": "*",
        "@zerobias-org/compliance_feature-zerobias-f_iw_phs": "*",
        "@zerobias-org/compliance_feature-zerobias-f_iw_vcs": "*",
        "@zerobias-org/compliance_feature-zerobias-f_naafcr": "*",
        "@zerobias-org/compliance_feature-zerobias-f_rm": "*",
        "@zerobias-org/compliance_feature-zerobias-f_sp": "*",
        "@zerobias-org/compliance_feature-zerobias-f_ss": "*",
        "@zerobias-org/compliance_feature-zerobias-f_vhad": "*",
        "@zerobias-org/segment_type-zerobias": "*",
        "@zerobias-org/segment-zerobias-c_vcs": "*"
      }
    },
    "node_modules/@auditlogic/vendor-zerobias": {
      "version": "1.0.0",
      "integrity": "sha512-+rgU3lJDY04mkQxk8jwKWtCTDVUIDxH5YitnJbp3gNecFqCIIaq6GUXH06ZMSi8pcivWMOuYilyXPYdVlmT2Gw==",
      "license": "ISC"
    },
    "node_modules/@zerobias-org/compliance_feature-zerobias-f_2fa": {
      "version": "2.0.1",
      "integrity": "sha512-WIPJNysE+xA1G+/Hg6tI5fx4MLeayz9McN2zK50+242GovL6p3LXOMDpJzFlFhWKeOdG1fGpSdyvjla7/Y+MhQ==",
      "license": "ISC",
      "dependencies": {
        "@auditlogic/vendor-zerobias": "latest"
      }
    },
    "node_modules/@zerobias-org/compliance_feature-zerobias-f_acfcr": {
      "version": "2.0.1",
      "integrity": "sha512-rObOBovRoFJY5FiFUdb6tKy5J14YgIMe8jaP1tHNt3/JNcEom7qDD3Inpy/RVJK4vIe+Iil9CAmbGCwJNI/l1g==",
      "license": "ISC",
      "dependencies": {
        "@auditlogic/vendor-zerobias": "latest"
      }
    },
    "node_modules/@zerobias-org/compliance_feature-zerobias-f_afcr": {
      "version": "2.0.1",
      "integrity": "sha512-w2SDwCSFiYTt/GkEfY/r51M4DKbEWyaxscPtZylyyjaZmnjcPXaJhfpnc/UBbY9nGayyejOGTJlKs1yKssUhJg==",
      "license": "ISC",
      "dependencies": {
        "@auditlogic/vendor-zerobias": "latest"
      }
    },
    "node_modules/@zerobias-org/compliance_feature-zerobias-f_al": {
      "version": "2.0.1",
      "integrity": "sha512-9E/9CiR26nj0qN9jSydHg+fDhhuGN0A8sn1HPdOlIOXdb8dupIvguqUWA0tzw09UBLnQ8rYoYrxpIRoJBQO2QA==",
      "license": "ISC",
      "dependencies": {
        "@auditlogic/vendor-zerobias": "latest"
      }
    },
    "node_modules/@zerobias-org/compliance_feature-zerobias-f_cbam": {
      "version": "2.0.0",
      "integrity": "sha512-6ijh3YJHtMO4z8X7ni+JhtCYmVOoX4i4IF/VcSId9qLzg+448lkLpLYBZq7Ix/psPh/rMJnpkvye4KMRA4/RYw==",
      "license": "ISC",
      "dependencies": {
        "@auditlogic/vendor-zerobias": "latest"
      }
    },
    "node_modules/@zerobias-org/compliance_feature-zerobias-f_ce2": {
      "version": "2.0.1",
      "integrity": "sha512-oaKVXZD5yDvJUOFPC0SEctruEcA8nCVMlwA+WAso1hC8KMzNOC8rF8fZga/UTKMV7r0bSlS4ju551ix3zYQXqg==",
      "license": "ISC",
      "dependencies": {
        "@auditlogic/vendor-zerobias": "latest"
      }
    },
    "node_modules/@zerobias-org/compliance_feature-zerobias-f_chfcr": {
      "version": "2.0.0",
      "integrity": "sha512-I785MwOYqSEZkluNbcfBel4DGbf75CRcZNkkGRY0tJPjPfTRHyRWw7D0UkgLO/yI6QD2/ln2QOD+/TpgEwQkhQ==",
      "license": "ISC",
      "dependencies": {
        "@auditlogic/vendor-zerobias": "latest"
      }
    },
    "node_modules/@zerobias-org/compliance_feature-zerobias-f_crfcr": {
      "version": "1.0.0-dev.0",
      "resolved": "https://pkg.zerobias.org/@zerobias-org/compliance_feature-zerobias-f_crfcr/-/compliance_feature-zerobias-f_crfcr-1.0.0-dev.0.tgz",
      "integrity": "sha512-wzZH+0CDANAF559BOjh/k+wmlvfNWugpiJ9E4wHLfv8lL0GUfIdDIfFhoWGT7hiV/0CQX+6zrHCzqYPavImGaA==",
      "license": "ISC",
      "dependencies": {
        "@auditlogic/vendor-zerobias": "latest"
      }
    },
    "node_modules/@zerobias-org/compliance_feature-zerobias-f_cs2": {
      "version": "2.0.1",
      "integrity": "sha512-Surjduj0dRvMh4Y5nqazbVvYweB+Tnwta/1B5xtghUbylP5xO3eVU8gnji0phdqGUHULWwQDMHcjoKT5YtSgvA==",
      "license": "ISC",
      "dependencies": {
        "@auditlogic/vendor-zerobias": "latest"
      }
    },
    "node_modules/@zerobias-org/compliance_feature-zerobias-f_dfcr": {
      "version": "2.0.0",
      "integrity": "sha512-QvSeGSmftgPpHuBOTCg+cwyvuxEK33k5OoXfFGUrVErLQOq1Ro6SipJJqDPsJGfg02LhAehNIka7qoNeB3QKQw==",
      "license": "ISC",
      "dependencies": {
        "@auditlogic/vendor-zerobias": "latest"
      }
    },
    "node_modules/@zerobias-org/compliance_feature-zerobias-f_it": {
      "version": "2.0.0",
      "integrity": "sha512-gL9jjXcZbMIvOyYMSZGMG/UNJuhFQuGkjbBRgEHBLkX9VEW/bOImtCUseM/eOt5ly8CkWkh8GyYe0/NYJsXm/A==",
      "license": "ISC",
      "dependencies": {
        "@auditlogic/vendor-zerobias": "latest"
      }
    },
    "node_modules/@zerobias-org/compliance_feature-zerobias-f_iw_cicd": {
      "version": "2.0.0",
      "integrity": "sha512-2EZ2jvQ5qBV6xuMtFoUxBnvl/iRhlxDZJZKwLSyVk7wxEHoWvF+KNR75/faZHaWXwtlAK2enOTH7EFjnSOAFXA==",
      "license": "ISC",
      "dependencies": {
        "@auditlogic/vendor-zerobias": "latest"
      }
    },
    "node_modules/@zerobias-org/compliance_feature-zerobias-f_iw_cp": {
      "version": "2.0.0",
      "integrity": "sha512-3qneaZbUS0huqUWEE1t/gWD2JwT3qq4MoioMhAZyXRb+3j2y4hi6fAqLXrmf9uokrCOQgkTfDe1q7TpNzbrnrg==",
      "license": "ISC",
      "dependencies": {
        "@auditlogic/vendor-zerobias": "latest"
      }
    },
    "node_modules/@zerobias-org/compliance_feature-zerobias-f_iw_des": {
      "version": "2.0.0",
      "integrity": "sha512-NUls6Gv+yDiYtiUAIKQ3BAjgnrWyruGXfitkES6sfoxsg1FqE3xCd5V/x6Rq4kjE/QKK6WrkmOejdekVFEfLWA==",
      "license": "ISC",
      "dependencies": {
        "@auditlogic/vendor-zerobias": "latest"
      }
    },
    "node_modules/@zerobias-org/compliance_feature-zerobias-f_iw_it": {
      "version": "2.0.0",
      "integrity": "sha512-ZM82OdZA3WYGTHDlf5y7teF3Fagz5wUsbt532WvF9iyO46s9BSp1R975gHE7GfX+d+QLjs2bdIo2AT70dfagCQ==",
      "license": "ISC",
      "dependencies": {
        "@auditlogic/vendor-zerobias": "latest"
      }
    },
    "node_modules/@zerobias-org/compliance_feature-zerobias-f_iw_pdm": {
      "version": "2.0.0",
      "integrity": "sha512-0Cf2nEZHNLrrKzwNaolaamSj/NtgD1srNJlw/vAoYuxI15TauKKVNahQwzYlmmZcVtlDTLItfYXbg7GyMxbPGQ==",
      "license": "ISC",
      "dependencies": {
        "@auditlogic/vendor-zerobias": "latest"
      }
    },
    "node_modules/@zerobias-org/compliance_feature-zerobias-f_iw_phs": {
      "version": "2.0.0",
      "integrity": "sha512-HWUuEBPRbXqAF46k9VdkbH+Lk+KIJ8bEoJA3nUHNvzOjj6fohWaOnPq+dz72TxUnVg3Cr16iV7c6iz/GJLZOTQ==",
      "license": "ISC",
      "dependencies": {
        "@auditlogic/vendor-zerobias": "latest"
      }
    },
    "node_modules/@zerobias-org/compliance_feature-zerobias-f_iw_vcs": {
      "version": "2.0.0",
      "integrity": "sha512-7zizElcmbrZkpdLYY7CGU7O2jYPyhXmf9zv+6EufBkv/u72Q3ABE8fBzIYJhkYSK4UcaypFx7lMdY+yDMMxBWA==",
      "license": "ISC",
      "dependencies": {
        "@auditlogic/vendor-zerobias": "latest"
      }
    },
    "node_modules/@zerobias-org/compliance_feature-zerobias-f_naafcr": {
      "version": "2.0.0",
      "integrity": "sha512-J/wanp70cLLUw5vVEnNn5zj2Vh4R4jh6atfJGIr/AHx1GfckO2yjnWv/ZTvgByzDZtvlinly7GDPkrHJINz9KA==",
      "license": "ISC",
      "dependencies": {
        "@auditlogic/vendor-zerobias": "latest"
      }
    },
    "node_modules/@zerobias-org/compliance_feature-zerobias-f_rm": {
      "version": "2.0.0",
      "integrity": "sha512-zsjXeSvFcpiPqF/1HaA8moXbfXsrhYUK9jYzHeEpenVxmD7hHvu4/XGn0EP4m9tQ8sZfn2yKN8Y3drYiPoaFuQ==",
      "license": "ISC",
      "dependencies": {
        "@auditlogic/vendor-zerobias": "latest"
      }
    },
    "node_modules/@zerobias-org/compliance_feature-zerobias-f_sp": {
      "version": "2.0.0",
      "integrity": "sha512-tT+epsw7/tWbDdFLs+G8uPNg0b8n3itX0jgO5tjVRb89V3mVdQIyTjQH4jYj/kpFnkWr9MBVeBJwRqDeMIZLcg==",
      "license": "ISC",
      "dependencies": {
        "@auditlogic/vendor-zerobias": "latest"
      }
    },
    "node_modules/@zerobias-org/compliance_feature-zerobias-f_ss": {
      "version": "2.0.0",
      "integrity": "sha512-JzU0pjKCJ/VW7S4LlcJEt2KAB/VejU1P3HKCMCxY3LKJFa58EGOZbaqNVxsXUh+FUl/xnsHAaFdfWPHx7gjVSg==",
      "license": "ISC",
      "dependencies": {
        "@auditlogic/vendor-zerobias": "latest"
      }
    },
    "node_modules/@zerobias-org/compliance_feature-zerobias-f_vhad": {
      "version": "2.0.0",
      "integrity": "sha512-TdfRHXkne/esjJlKQ0kyJtptXD2uDxElX6pMyektLTO4z2MEOWlv+GGTO88rY6sVnDaB/OjC/j+Ia30pFMxziw==",
      "license": "ISC",
      "dependencies": {
        "@auditlogic/vendor-zerobias": "latest"
      }
    },
    "node_modules/@zerobias-org/segment_type-zerobias": {
      "version": "1.0.15",
      "integrity": "sha512-nYJGXCMnk0LEkogHobbS7+HwRr4aSY2yj1wiG9HqZ6aCKDja2PSha5AVzQFUUY4nN5QlCJoDdKiQPKiqxPf4uw==",
      "license": "ISC",
      "dependencies": {
        "@auditlogic/vendor-zerobias": "^1.0.0"
      }
    },
    "node_modules/@zerobias-org/segment-zerobias-c_vcs": {
      "version": "2.0.0",
      "integrity": "sha512-+GzEOoaWjBTzD388QH/uPoWn8O2uyx9LJ7i36JWxOPgt+jR6NRFFUs3PnKP6Inj5lgF+xGXHHuvc5mxnnUfnzw==",
      "license": "ISC",
      "dependencies": {
        "@auditlogic/vendor-zerobias": "latest",
        "@zerobias-org/segment_type-zerobias": "latest",
        "@zerobias-org/segment-zerobias-d_sd": "latest"
      }
    },
    "node_modules/@zerobias-org/segment-zerobias-d_sd": {
      "version": "2.0.0",
      "integrity": "sha512-cJUbjrR68rmtCl3D8/WcUEFTV41bpQIZKpIPh7UfNet7/FL72WPuhKBxBfhXO+QMyb4gcqLuAiAhDkLvFPYlrg==",
      "license": "ISC",
      "dependencies": {
        "@auditlogic/vendor-zerobias": "latest",
        "@zerobias-org/segment_type-zerobias": "latest"
      }
    }
  }
}
