{
  "name": "@zerobias-org/segment-bundle",
  "version": "0.0.6",
  "lockfileVersion": 2,
  "requires": true,
  "packages": {
    "": {
      "name": "@zerobias-org/segment-bundle",
      "version": "0.0.6",
      "license": "ISC",
      "dependencies": {
        "@zerobias-org/segment_type-zerobias": "1.0.9",
        "@zerobias-org/segment-zerobias-ad": "1.0.9",
        "@zerobias-org/segment-zerobias-as": "1.0.9",
        "@zerobias-org/segment-zerobias-ba": "1.0.9",
        "@zerobias-org/segment-zerobias-bdaa": "1.0.9",
        "@zerobias-org/segment-zerobias-bpao": "1.0.9",
        "@zerobias-org/segment-zerobias-bsap": "1.0.9",
        "@zerobias-org/segment-zerobias-ci": "1.0.9",
        "@zerobias-org/segment-zerobias-cs": "1.0.9",
        "@zerobias-org/segment-zerobias-dadw": "1.0.9",
        "@zerobias-org/segment-zerobias-dasd": "1.0.9",
        "@zerobias-org/segment-zerobias-devices": "1.0.9",
        "@zerobias-org/segment-zerobias-dg": "1.0.9",
        "@zerobias-org/segment-zerobias-dm": "1.0.9",
        "@zerobias-org/segment-zerobias-dsaml": "1.0.9",
        "@zerobias-org/segment-zerobias-es": "1.0.9",
        "@zerobias-org/segment-zerobias-is": "1.0.9",
        "@zerobias-org/segment-zerobias-itg": "1.0.9",
        "@zerobias-org/segment-zerobias-itm": "1.0.9",
        "@zerobias-org/segment-zerobias-itpao": "1.0.9",
        "@zerobias-org/segment-zerobias-nasa": "1.0.10",
        "@zerobias-org/segment-zerobias-ns": "1.0.9",
        "@zerobias-org/segment-zerobias-op": "1.0.9",
        "@zerobias-org/segment-zerobias-saad": "1.0.9",
        "@zerobias-org/segment-zerobias-se": "1.0.9",
        "@zerobias-org/segment-zerobias-sg": "1.0.9",
        "@zerobias-org/segment-zerobias-spao": "1.0.9"
      }
    },
    "node_modules/@auditlogic/vendor-zerobias": {
      "version": "1.0.0",
      "resolved": "https://pkg.zerobias.org/@auditlogic/vendor-zerobias/-/e051a99849948ce67721da0d5215aae8e293906e",
      "integrity": "sha512-+rgU3lJDY04mkQxk8jwKWtCTDVUIDxH5YitnJbp3gNecFqCIIaq6GUXH06ZMSi8pcivWMOuYilyXPYdVlmT2Gw=="
    },
    "node_modules/@zerobias-org/segment_type-zerobias": {
      "version": "1.0.9",
      "resolved": "https://pkg.zerobias.org/@zerobias-org/segment_type-zerobias/-/segment_type-zerobias-1.0.9.tgz",
      "integrity": "sha512-nA2Fbf0xaNci7MPBqjsL/KGVFj1pSY6R2CJGjq8CxuB5VeDkzXgLvj7tJuc43cAxi+4n3HGbVNet76yTVgpnGw==",
      "dependencies": {
        "@auditlogic/vendor-zerobias": "^1.0.0"
      }
    },
    "node_modules/@zerobias-org/segment-zerobias-ad": {
      "version": "1.0.9",
      "resolved": "https://pkg.zerobias.org/@zerobias-org/segment-zerobias-ad/-/segment-zerobias-ad-1.0.9.tgz",
      "integrity": "sha512-HbqA9TzDtQfkZ4qE3PkBx9somTjxOKdnpaiYRdkHF3YOCv4VmibytqzIdcNeugb1/IpbJUhethMnjGHy+RFdQQ==",
      "dependencies": {
        "@auditlogic/vendor-zerobias": "^1.0.0",
        "@zerobias-org/segment_type-zerobias": "^1.0.9",
        "@zerobias-org/segment-zerobias-se": "^1.0.9"
      }
    },
    "node_modules/@zerobias-org/segment-zerobias-as": {
      "version": "1.0.9",
      "resolved": "https://pkg.zerobias.org/@zerobias-org/segment-zerobias-as/-/segment-zerobias-as-1.0.9.tgz",
      "integrity": "sha512-h5ADbrOurwBGcnHCqNPPcuv/URXZosZCL6NUkJ12L06faT2NTyZLLpVj9DS2NFH11++gh6h8orNwEOGgCwWvmg==",
      "dependencies": {
        "@auditlogic/vendor-zerobias": "^1.0.0",
        "@zerobias-org/segment_type-zerobias": "^1.0.9",
        "@zerobias-org/segment-zerobias-cs": "^1.0.9"
      }
    },
    "node_modules/@zerobias-org/segment-zerobias-ba": {
      "version": "1.0.9",
      "resolved": "https://pkg.zerobias.org/@zerobias-org/segment-zerobias-ba/-/segment-zerobias-ba-1.0.9.tgz",
      "integrity": "sha512-H3AqJ/fln5Lc1LlahX9HnOHr+cc+dtLM3a6Zxeo+NEgtYBFNjkdos1mNDwneK7vsKa56maCTUUouUTzYArkxdA==",
      "dependencies": {
        "@auditlogic/vendor-zerobias": "^1.0.0",
        "@zerobias-org/segment_type-zerobias": "^1.0.9"
      }
    },
    "node_modules/@zerobias-org/segment-zerobias-bdaa": {
      "version": "1.0.9",
      "resolved": "https://pkg.zerobias.org/@zerobias-org/segment-zerobias-bdaa/-/segment-zerobias-bdaa-1.0.9.tgz",
      "integrity": "sha512-HrLJF0zwNrcYBuZkUD8O90HPB+6otetuUMStTKNlkrwYVBFwvc6+utCOsJ9ewgJz+qn2/xJmUc0A3xxkEeupmA==",
      "dependencies": {
        "@auditlogic/vendor-zerobias": "^1.0.0",
        "@zerobias-org/segment_type-zerobias": "^1.0.9",
        "@zerobias-org/segment-zerobias-dm": "^1.0.9"
      }
    },
    "node_modules/@zerobias-org/segment-zerobias-bpao": {
      "version": "1.0.9",
      "resolved": "https://pkg.zerobias.org/@zerobias-org/segment-zerobias-bpao/-/segment-zerobias-bpao-1.0.9.tgz",
      "integrity": "sha512-KE3ZgspLIO3OmRU+1DrE1S0Esj7C1Yi9tbNUcs/K9x4hXaOrObPll0GZe7pmht7S1pHgylnf+jotLC2d4Ha7zA==",
      "dependencies": {
        "@auditlogic/vendor-zerobias": "^1.0.0",
        "@zerobias-org/segment_type-zerobias": "^1.0.9",
        "@zerobias-org/segment-zerobias-ba": "^1.0.9"
      }
    },
    "node_modules/@zerobias-org/segment-zerobias-bsap": {
      "version": "1.0.9",
      "resolved": "https://pkg.zerobias.org/@zerobias-org/segment-zerobias-bsap/-/segment-zerobias-bsap-1.0.9.tgz",
      "integrity": "sha512-PuAaMcgM/Yo0IgifVzsMh82h+QzprZ33rULyFkDL7ozzCfDS2NpxwTK6CuUibUhAC8q36PU7D2b4OEkEZ85u7Q==",
      "dependencies": {
        "@auditlogic/vendor-zerobias": "^1.0.0",
        "@zerobias-org/segment_type-zerobias": "^1.0.9",
        "@zerobias-org/segment-zerobias-ba": "^1.0.9"
      }
    },
    "node_modules/@zerobias-org/segment-zerobias-ci": {
      "version": "1.0.9",
      "resolved": "https://pkg.zerobias.org/@zerobias-org/segment-zerobias-ci/-/segment-zerobias-ci-1.0.9.tgz",
      "integrity": "sha512-+HYmK8lwlJPNqMnzsZflL7CJDBI8/UjuUpBsTXpBvqSIFtPYcWG9tBD2zTG96HMglyzn9VJ0Yw/Znf6EU+sEdA==",
      "dependencies": {
        "@auditlogic/vendor-zerobias": "^1.0.0",
        "@zerobias-org/segment_type-zerobias": "^1.0.9",
        "@zerobias-org/segment-zerobias-itm": "^1.0.9"
      }
    },
    "node_modules/@zerobias-org/segment-zerobias-cs": {
      "version": "1.0.9",
      "resolved": "https://pkg.zerobias.org/@zerobias-org/segment-zerobias-cs/-/segment-zerobias-cs-1.0.9.tgz",
      "integrity": "sha512-R8SkqACrLxZWHKOzyr0oaNXwws0+0cc9mlZ8QzzKVSw6FNM8Yogzx4p1mEM1vpUmDMbGGYcqF29rb8B/i2GOyg==",
      "dependencies": {
        "@auditlogic/vendor-zerobias": "^1.0.0",
        "@zerobias-org/segment_type-zerobias": "^1.0.9"
      }
    },
    "node_modules/@zerobias-org/segment-zerobias-dadw": {
      "version": "1.0.9",
      "resolved": "https://pkg.zerobias.org/@zerobias-org/segment-zerobias-dadw/-/segment-zerobias-dadw-1.0.9.tgz",
      "integrity": "sha512-Eokb7QztC7C4zb1vo4ky5ORJPAf/JK5ZmMl3CDp7IGAnkq5UVx0kZKUMQaj5Clkrp0fJuBIdWAfSgCV3nRl88w==",
      "dependencies": {
        "@auditlogic/vendor-zerobias": "^1.0.0",
        "@zerobias-org/segment_type-zerobias": "^1.0.9",
        "@zerobias-org/segment-zerobias-dm": "^1.0.9"
      }
    },
    "node_modules/@zerobias-org/segment-zerobias-dasd": {
      "version": "1.0.9",
      "resolved": "https://pkg.zerobias.org/@zerobias-org/segment-zerobias-dasd/-/segment-zerobias-dasd-1.0.9.tgz",
      "integrity": "sha512-Dy+vUnWO3Y4eMF4OPqrUCI37Mmb8roMTasui79pu8Tun49nO4+juv5HE3eD1N7UKGekioqDH4C9r3ru0JvEzwg==",
      "dependencies": {
        "@auditlogic/vendor-zerobias": "^1.0.0",
        "@zerobias-org/segment_type-zerobias": "^1.0.9",
        "@zerobias-org/segment-zerobias-se": "^1.0.9"
      }
    },
    "node_modules/@zerobias-org/segment-zerobias-devices": {
      "version": "1.0.9",
      "resolved": "https://pkg.zerobias.org/@zerobias-org/segment-zerobias-devices/-/segment-zerobias-devices-1.0.9.tgz",
      "integrity": "sha512-wFHTZXDUwHwoW1+ELT/nTOFFF3S/eo7L6mi7q5bFcbUkx/xue+7D2QFzRgLGPpXbjqZgsmJZzQU+4FwXbO1uMQ==",
      "dependencies": {
        "@auditlogic/vendor-zerobias": "^1.0.0",
        "@zerobias-org/segment_type-zerobias": "^1.0.9",
        "@zerobias-org/segment-zerobias-itm": "^1.0.9"
      }
    },
    "node_modules/@zerobias-org/segment-zerobias-dg": {
      "version": "1.0.9",
      "resolved": "https://pkg.zerobias.org/@zerobias-org/segment-zerobias-dg/-/segment-zerobias-dg-1.0.9.tgz",
      "integrity": "sha512-N3swk4ewa+ikug4mMN91JOwnmZvG6g9SoDu1aCLfzMYMYBbM8GXdFScjZKaw5ErP9Vyr6c/8gB0P+HdDdROqbQ==",
      "dependencies": {
        "@auditlogic/vendor-zerobias": "^1.0.0",
        "@zerobias-org/segment_type-zerobias": "^1.0.9",
        "@zerobias-org/segment-zerobias-dm": "^1.0.9"
      }
    },
    "node_modules/@zerobias-org/segment-zerobias-dm": {
      "version": "1.0.9",
      "resolved": "https://pkg.zerobias.org/@zerobias-org/segment-zerobias-dm/-/segment-zerobias-dm-1.0.9.tgz",
      "integrity": "sha512-0jyldqvsIoKMJjoIy/M0VPm2RGPwvqIsjrTNtBnX7ysNM2EoBw/KXX0V8n2KQ/3jLsd5sIbmy2LazwqfCIu4mA==",
      "dependencies": {
        "@auditlogic/vendor-zerobias": "^1.0.0",
        "@zerobias-org/segment_type-zerobias": "^1.0.9"
      }
    },
    "node_modules/@zerobias-org/segment-zerobias-dsaml": {
      "version": "1.0.9",
      "resolved": "https://pkg.zerobias.org/@zerobias-org/segment-zerobias-dsaml/-/segment-zerobias-dsaml-1.0.9.tgz",
      "integrity": "sha512-qLayAignoxh8bUPjYZKSE+Yrm4szRti6mlml45cWvlWPzDeAi7etIu7goEppvg9EiIb5AP1sYijTpwEjmbCVwg==",
      "dependencies": {
        "@auditlogic/vendor-zerobias": "^1.0.0",
        "@zerobias-org/segment_type-zerobias": "^1.0.9",
        "@zerobias-org/segment-zerobias-dm": "^1.0.9"
      }
    },
    "node_modules/@zerobias-org/segment-zerobias-es": {
      "version": "1.0.9",
      "resolved": "https://pkg.zerobias.org/@zerobias-org/segment-zerobias-es/-/segment-zerobias-es-1.0.9.tgz",
      "integrity": "sha512-63RYa0ukzxSrPAg4w3zhQe/5kZ2sTACLpGSAG1haBjgkcCC5qWdqm+MtgJPaFs4CBU/IB/dA4eFXI++UiQyVpg==",
      "dependencies": {
        "@auditlogic/vendor-zerobias": "^1.0.0",
        "@zerobias-org/segment_type-zerobias": "^1.0.9",
        "@zerobias-org/segment-zerobias-cs": "^1.0.9"
      }
    },
    "node_modules/@zerobias-org/segment-zerobias-is": {
      "version": "1.0.9",
      "resolved": "https://pkg.zerobias.org/@zerobias-org/segment-zerobias-is/-/segment-zerobias-is-1.0.9.tgz",
      "integrity": "sha512-/tzsiWMn6xI78DLl66WhKwD1oEMjWH/crBcmx99ndox1IshahCffqyUgcj+/6EPZf0Qre7Oyp5EnYPNVZ1M26Q==",
      "dependencies": {
        "@auditlogic/vendor-zerobias": "^1.0.0",
        "@zerobias-org/segment_type-zerobias": "^1.0.9",
        "@zerobias-org/segment-zerobias-cs": "^1.0.9"
      }
    },
    "node_modules/@zerobias-org/segment-zerobias-itg": {
      "version": "1.0.9",
      "resolved": "https://pkg.zerobias.org/@zerobias-org/segment-zerobias-itg/-/segment-zerobias-itg-1.0.9.tgz",
      "integrity": "sha512-ilbrZmr+TKS3qXALDYHYxkAnSVFMXBsd0aIV5uESXkTPR4N9jKBGIHF+S2OHPB+77MIUdhzfzFQZp+Ll16Imjw==",
      "dependencies": {
        "@auditlogic/vendor-zerobias": "^1.0.0",
        "@zerobias-org/segment_type-zerobias": "^1.0.9",
        "@zerobias-org/segment-zerobias-itm": "^1.0.9"
      }
    },
    "node_modules/@zerobias-org/segment-zerobias-itm": {
      "version": "1.0.9",
      "resolved": "https://pkg.zerobias.org/@zerobias-org/segment-zerobias-itm/-/segment-zerobias-itm-1.0.9.tgz",
      "integrity": "sha512-DCprFkY72oceGIpEad/3WbbHP1a9dag2Qc2NPPdyO/gpYpVW/4wm9dBONgJIvbyeM2mnAt5NZXdS+5BDuFwWig==",
      "dependencies": {
        "@auditlogic/vendor-zerobias": "^1.0.0",
        "@zerobias-org/segment_type-zerobias": "^1.0.9"
      }
    },
    "node_modules/@zerobias-org/segment-zerobias-itpao": {
      "version": "1.0.9",
      "resolved": "https://pkg.zerobias.org/@zerobias-org/segment-zerobias-itpao/-/segment-zerobias-itpao-1.0.9.tgz",
      "integrity": "sha512-QGSloXFtjjo5MlqLXhgY8JOL8mY4go360h2wbDYfASFitmCj9Wp4va7QtNpty0sqE209jVmiqcdqHC3YSdbnJw==",
      "dependencies": {
        "@auditlogic/vendor-zerobias": "^1.0.0",
        "@zerobias-org/segment_type-zerobias": "^1.0.9",
        "@zerobias-org/segment-zerobias-itm": "^1.0.9"
      }
    },
    "node_modules/@zerobias-org/segment-zerobias-nasa": {
      "version": "1.0.10",
      "resolved": "https://pkg.zerobias.org/@zerobias-org/segment-zerobias-nasa/-/segment-zerobias-nasa-1.0.10.tgz",
      "integrity": "sha512-1NAvUmtU/Ix2kTHQnQT7eM5ajttonf3fWXsHJPPJSxfRSg2Y+wQ5nJJqxHB6bWR6RGd52M9WWHeJEV9wL8UXfQ==",
      "dependencies": {
        "@auditlogic/vendor-zerobias": "^1.0.0",
        "@zerobias-org/segment_type-zerobias": "^1.0.9",
        "@zerobias-org/segment-zerobias-itm": "^1.0.9"
      }
    },
    "node_modules/@zerobias-org/segment-zerobias-ns": {
      "version": "1.0.9",
      "resolved": "https://pkg.zerobias.org/@zerobias-org/segment-zerobias-ns/-/segment-zerobias-ns-1.0.9.tgz",
      "integrity": "sha512-+v5T99Al5O01CdLCF3rcUWKciVAhb3HFaPgKqCA27ycPhC7wVuxXzt5Jr2LPDq6m5wQgflT5EvOriUhgdCfpiA==",
      "dependencies": {
        "@auditlogic/vendor-zerobias": "^1.0.0",
        "@zerobias-org/segment_type-zerobias": "^1.0.9",
        "@zerobias-org/segment-zerobias-cs": "^1.0.9"
      }
    },
    "node_modules/@zerobias-org/segment-zerobias-op": {
      "version": "1.0.9",
      "resolved": "https://pkg.zerobias.org/@zerobias-org/segment-zerobias-op/-/segment-zerobias-op-1.0.9.tgz",
      "integrity": "sha512-k95SKjUhLeoZFTFyLGvjiuIVsjR59c+NppLEAQutPhPuksbbzqz6aB8deRt7VR5NBy9r7NFdrrVHakuyNXmQ+w==",
      "dependencies": {
        "@auditlogic/vendor-zerobias": "^1.0.0",
        "@zerobias-org/segment_type-zerobias": "^1.0.9",
        "@zerobias-org/segment-zerobias-ba": "^1.0.9"
      }
    },
    "node_modules/@zerobias-org/segment-zerobias-saad": {
      "version": "1.0.9",
      "resolved": "https://pkg.zerobias.org/@zerobias-org/segment-zerobias-saad/-/segment-zerobias-saad-1.0.9.tgz",
      "integrity": "sha512-Rm5I71cpNzWKAQECCxxg83NJralprIJO7ubTUBf2BA3yLqV9hQmMiJfSVQ/+DUA+FO5JWADQQOdv9D9DRUqJ/A==",
      "dependencies": {
        "@auditlogic/vendor-zerobias": "^1.0.0",
        "@zerobias-org/segment_type-zerobias": "^1.0.9",
        "@zerobias-org/segment-zerobias-se": "^1.0.9"
      }
    },
    "node_modules/@zerobias-org/segment-zerobias-se": {
      "version": "1.0.9",
      "resolved": "https://pkg.zerobias.org/@zerobias-org/segment-zerobias-se/-/segment-zerobias-se-1.0.9.tgz",
      "integrity": "sha512-mBC/AOY35lcDBedXUei5N5x/1DyB0tY9FPj3Xy8tZXFVMY3rFS2vXmTVZZvV6tpelTYTuqInkCDvYUIFH4G7zw==",
      "dependencies": {
        "@auditlogic/vendor-zerobias": "^1.0.0",
        "@zerobias-org/segment_type-zerobias": "^1.0.9"
      }
    },
    "node_modules/@zerobias-org/segment-zerobias-sg": {
      "version": "1.0.9",
      "resolved": "https://pkg.zerobias.org/@zerobias-org/segment-zerobias-sg/-/segment-zerobias-sg-1.0.9.tgz",
      "integrity": "sha512-gyEjAfG/+pN+AfkqjCv+4WcuszmQbvbfcKgDQ4+mmFeOfXekw1c59C9BBK1IeN5tqE2XWak0L1ZWkU/PskMmoQ==",
      "dependencies": {
        "@auditlogic/vendor-zerobias": "^1.0.0",
        "@zerobias-org/segment_type-zerobias": "^1.0.9",
        "@zerobias-org/segment-zerobias-cs": "^1.0.9"
      }
    },
    "node_modules/@zerobias-org/segment-zerobias-spao": {
      "version": "1.0.9",
      "resolved": "https://pkg.zerobias.org/@zerobias-org/segment-zerobias-spao/-/segment-zerobias-spao-1.0.9.tgz",
      "integrity": "sha512-fs7Uyckhcmhgy/6qoNQm5C6BIc/3unH7+4abcjb0RHXFFvmjri6u+dcjxCkvH5CMF7T2Q8Hj5eAbO4VvGhu6uw==",
      "dependencies": {
        "@auditlogic/vendor-zerobias": "^1.0.0",
        "@zerobias-org/segment_type-zerobias": "^1.0.9",
        "@zerobias-org/segment-zerobias-cs": "^1.0.9"
      }
    }
  },
  "dependencies": {
    "@auditlogic/vendor-zerobias": {
      "version": "1.0.0",
      "resolved": "https://pkg.zerobias.org/@auditlogic/vendor-zerobias/-/e051a99849948ce67721da0d5215aae8e293906e",
      "integrity": "sha512-+rgU3lJDY04mkQxk8jwKWtCTDVUIDxH5YitnJbp3gNecFqCIIaq6GUXH06ZMSi8pcivWMOuYilyXPYdVlmT2Gw=="
    },
    "@zerobias-org/segment_type-zerobias": {
      "version": "1.0.9",
      "resolved": "https://pkg.zerobias.org/@zerobias-org/segment_type-zerobias/-/segment_type-zerobias-1.0.9.tgz",
      "integrity": "sha512-nA2Fbf0xaNci7MPBqjsL/KGVFj1pSY6R2CJGjq8CxuB5VeDkzXgLvj7tJuc43cAxi+4n3HGbVNet76yTVgpnGw==",
      "requires": {
        "@auditlogic/vendor-zerobias": "^1.0.0"
      }
    },
    "@zerobias-org/segment-zerobias-ad": {
      "version": "1.0.9",
      "resolved": "https://pkg.zerobias.org/@zerobias-org/segment-zerobias-ad/-/segment-zerobias-ad-1.0.9.tgz",
      "integrity": "sha512-HbqA9TzDtQfkZ4qE3PkBx9somTjxOKdnpaiYRdkHF3YOCv4VmibytqzIdcNeugb1/IpbJUhethMnjGHy+RFdQQ==",
      "requires": {
        "@auditlogic/vendor-zerobias": "^1.0.0",
        "@zerobias-org/segment_type-zerobias": "^1.0.9",
        "@zerobias-org/segment-zerobias-se": "^1.0.9"
      }
    },
    "@zerobias-org/segment-zerobias-as": {
      "version": "1.0.9",
      "resolved": "https://pkg.zerobias.org/@zerobias-org/segment-zerobias-as/-/segment-zerobias-as-1.0.9.tgz",
      "integrity": "sha512-h5ADbrOurwBGcnHCqNPPcuv/URXZosZCL6NUkJ12L06faT2NTyZLLpVj9DS2NFH11++gh6h8orNwEOGgCwWvmg==",
      "requires": {
        "@auditlogic/vendor-zerobias": "^1.0.0",
        "@zerobias-org/segment_type-zerobias": "^1.0.9",
        "@zerobias-org/segment-zerobias-cs": "^1.0.9"
      }
    },
    "@zerobias-org/segment-zerobias-ba": {
      "version": "1.0.9",
      "resolved": "https://pkg.zerobias.org/@zerobias-org/segment-zerobias-ba/-/segment-zerobias-ba-1.0.9.tgz",
      "integrity": "sha512-H3AqJ/fln5Lc1LlahX9HnOHr+cc+dtLM3a6Zxeo+NEgtYBFNjkdos1mNDwneK7vsKa56maCTUUouUTzYArkxdA==",
      "requires": {
        "@auditlogic/vendor-zerobias": "^1.0.0",
        "@zerobias-org/segment_type-zerobias": "^1.0.9"
      }
    },
    "@zerobias-org/segment-zerobias-bdaa": {
      "version": "1.0.9",
      "resolved": "https://pkg.zerobias.org/@zerobias-org/segment-zerobias-bdaa/-/segment-zerobias-bdaa-1.0.9.tgz",
      "integrity": "sha512-HrLJF0zwNrcYBuZkUD8O90HPB+6otetuUMStTKNlkrwYVBFwvc6+utCOsJ9ewgJz+qn2/xJmUc0A3xxkEeupmA==",
      "requires": {
        "@auditlogic/vendor-zerobias": "^1.0.0",
        "@zerobias-org/segment_type-zerobias": "^1.0.9",
        "@zerobias-org/segment-zerobias-dm": "^1.0.9"
      }
    },
    "@zerobias-org/segment-zerobias-bpao": {
      "version": "1.0.9",
      "resolved": "https://pkg.zerobias.org/@zerobias-org/segment-zerobias-bpao/-/segment-zerobias-bpao-1.0.9.tgz",
      "integrity": "sha512-KE3ZgspLIO3OmRU+1DrE1S0Esj7C1Yi9tbNUcs/K9x4hXaOrObPll0GZe7pmht7S1pHgylnf+jotLC2d4Ha7zA==",
      "requires": {
        "@auditlogic/vendor-zerobias": "^1.0.0",
        "@zerobias-org/segment_type-zerobias": "^1.0.9",
        "@zerobias-org/segment-zerobias-ba": "^1.0.9"
      }
    },
    "@zerobias-org/segment-zerobias-bsap": {
      "version": "1.0.9",
      "resolved": "https://pkg.zerobias.org/@zerobias-org/segment-zerobias-bsap/-/segment-zerobias-bsap-1.0.9.tgz",
      "integrity": "sha512-PuAaMcgM/Yo0IgifVzsMh82h+QzprZ33rULyFkDL7ozzCfDS2NpxwTK6CuUibUhAC8q36PU7D2b4OEkEZ85u7Q==",
      "requires": {
        "@auditlogic/vendor-zerobias": "^1.0.0",
        "@zerobias-org/segment_type-zerobias": "^1.0.9",
        "@zerobias-org/segment-zerobias-ba": "^1.0.9"
      }
    },
    "@zerobias-org/segment-zerobias-ci": {
      "version": "1.0.9",
      "resolved": "https://pkg.zerobias.org/@zerobias-org/segment-zerobias-ci/-/segment-zerobias-ci-1.0.9.tgz",
      "integrity": "sha512-+HYmK8lwlJPNqMnzsZflL7CJDBI8/UjuUpBsTXpBvqSIFtPYcWG9tBD2zTG96HMglyzn9VJ0Yw/Znf6EU+sEdA==",
      "requires": {
        "@auditlogic/vendor-zerobias": "^1.0.0",
        "@zerobias-org/segment_type-zerobias": "^1.0.9",
        "@zerobias-org/segment-zerobias-itm": "^1.0.9"
      }
    },
    "@zerobias-org/segment-zerobias-cs": {
      "version": "1.0.9",
      "resolved": "https://pkg.zerobias.org/@zerobias-org/segment-zerobias-cs/-/segment-zerobias-cs-1.0.9.tgz",
      "integrity": "sha512-R8SkqACrLxZWHKOzyr0oaNXwws0+0cc9mlZ8QzzKVSw6FNM8Yogzx4p1mEM1vpUmDMbGGYcqF29rb8B/i2GOyg==",
      "requires": {
        "@auditlogic/vendor-zerobias": "^1.0.0",
        "@zerobias-org/segment_type-zerobias": "^1.0.9"
      }
    },
    "@zerobias-org/segment-zerobias-dadw": {
      "version": "1.0.9",
      "resolved": "https://pkg.zerobias.org/@zerobias-org/segment-zerobias-dadw/-/segment-zerobias-dadw-1.0.9.tgz",
      "integrity": "sha512-Eokb7QztC7C4zb1vo4ky5ORJPAf/JK5ZmMl3CDp7IGAnkq5UVx0kZKUMQaj5Clkrp0fJuBIdWAfSgCV3nRl88w==",
      "requires": {
        "@auditlogic/vendor-zerobias": "^1.0.0",
        "@zerobias-org/segment_type-zerobias": "^1.0.9",
        "@zerobias-org/segment-zerobias-dm": "^1.0.9"
      }
    },
    "@zerobias-org/segment-zerobias-dasd": {
      "version": "1.0.9",
      "resolved": "https://pkg.zerobias.org/@zerobias-org/segment-zerobias-dasd/-/segment-zerobias-dasd-1.0.9.tgz",
      "integrity": "sha512-Dy+vUnWO3Y4eMF4OPqrUCI37Mmb8roMTasui79pu8Tun49nO4+juv5HE3eD1N7UKGekioqDH4C9r3ru0JvEzwg==",
      "requires": {
        "@auditlogic/vendor-zerobias": "^1.0.0",
        "@zerobias-org/segment_type-zerobias": "^1.0.9",
        "@zerobias-org/segment-zerobias-se": "^1.0.9"
      }
    },
    "@zerobias-org/segment-zerobias-devices": {
      "version": "1.0.9",
      "resolved": "https://pkg.zerobias.org/@zerobias-org/segment-zerobias-devices/-/segment-zerobias-devices-1.0.9.tgz",
      "integrity": "sha512-wFHTZXDUwHwoW1+ELT/nTOFFF3S/eo7L6mi7q5bFcbUkx/xue+7D2QFzRgLGPpXbjqZgsmJZzQU+4FwXbO1uMQ==",
      "requires": {
        "@auditlogic/vendor-zerobias": "^1.0.0",
        "@zerobias-org/segment_type-zerobias": "^1.0.9",
        "@zerobias-org/segment-zerobias-itm": "^1.0.9"
      }
    },
    "@zerobias-org/segment-zerobias-dg": {
      "version": "1.0.9",
      "resolved": "https://pkg.zerobias.org/@zerobias-org/segment-zerobias-dg/-/segment-zerobias-dg-1.0.9.tgz",
      "integrity": "sha512-N3swk4ewa+ikug4mMN91JOwnmZvG6g9SoDu1aCLfzMYMYBbM8GXdFScjZKaw5ErP9Vyr6c/8gB0P+HdDdROqbQ==",
      "requires": {
        "@auditlogic/vendor-zerobias": "^1.0.0",
        "@zerobias-org/segment_type-zerobias": "^1.0.9",
        "@zerobias-org/segment-zerobias-dm": "^1.0.9"
      }
    },
    "@zerobias-org/segment-zerobias-dm": {
      "version": "1.0.9",
      "resolved": "https://pkg.zerobias.org/@zerobias-org/segment-zerobias-dm/-/segment-zerobias-dm-1.0.9.tgz",
      "integrity": "sha512-0jyldqvsIoKMJjoIy/M0VPm2RGPwvqIsjrTNtBnX7ysNM2EoBw/KXX0V8n2KQ/3jLsd5sIbmy2LazwqfCIu4mA==",
      "requires": {
        "@auditlogic/vendor-zerobias": "^1.0.0",
        "@zerobias-org/segment_type-zerobias": "^1.0.9"
      }
    },
    "@zerobias-org/segment-zerobias-dsaml": {
      "version": "1.0.9",
      "resolved": "https://pkg.zerobias.org/@zerobias-org/segment-zerobias-dsaml/-/segment-zerobias-dsaml-1.0.9.tgz",
      "integrity": "sha512-qLayAignoxh8bUPjYZKSE+Yrm4szRti6mlml45cWvlWPzDeAi7etIu7goEppvg9EiIb5AP1sYijTpwEjmbCVwg==",
      "requires": {
        "@auditlogic/vendor-zerobias": "^1.0.0",
        "@zerobias-org/segment_type-zerobias": "^1.0.9",
        "@zerobias-org/segment-zerobias-dm": "^1.0.9"
      }
    },
    "@zerobias-org/segment-zerobias-es": {
      "version": "1.0.9",
      "resolved": "https://pkg.zerobias.org/@zerobias-org/segment-zerobias-es/-/segment-zerobias-es-1.0.9.tgz",
      "integrity": "sha512-63RYa0ukzxSrPAg4w3zhQe/5kZ2sTACLpGSAG1haBjgkcCC5qWdqm+MtgJPaFs4CBU/IB/dA4eFXI++UiQyVpg==",
      "requires": {
        "@auditlogic/vendor-zerobias": "^1.0.0",
        "@zerobias-org/segment_type-zerobias": "^1.0.9",
        "@zerobias-org/segment-zerobias-cs": "^1.0.9"
      }
    },
    "@zerobias-org/segment-zerobias-is": {
      "version": "1.0.9",
      "resolved": "https://pkg.zerobias.org/@zerobias-org/segment-zerobias-is/-/segment-zerobias-is-1.0.9.tgz",
      "integrity": "sha512-/tzsiWMn6xI78DLl66WhKwD1oEMjWH/crBcmx99ndox1IshahCffqyUgcj+/6EPZf0Qre7Oyp5EnYPNVZ1M26Q==",
      "requires": {
        "@auditlogic/vendor-zerobias": "^1.0.0",
        "@zerobias-org/segment_type-zerobias": "^1.0.9",
        "@zerobias-org/segment-zerobias-cs": "^1.0.9"
      }
    },
    "@zerobias-org/segment-zerobias-itg": {
      "version": "1.0.9",
      "resolved": "https://pkg.zerobias.org/@zerobias-org/segment-zerobias-itg/-/segment-zerobias-itg-1.0.9.tgz",
      "integrity": "sha512-ilbrZmr+TKS3qXALDYHYxkAnSVFMXBsd0aIV5uESXkTPR4N9jKBGIHF+S2OHPB+77MIUdhzfzFQZp+Ll16Imjw==",
      "requires": {
        "@auditlogic/vendor-zerobias": "^1.0.0",
        "@zerobias-org/segment_type-zerobias": "^1.0.9",
        "@zerobias-org/segment-zerobias-itm": "^1.0.9"
      }
    },
    "@zerobias-org/segment-zerobias-itm": {
      "version": "1.0.9",
      "resolved": "https://pkg.zerobias.org/@zerobias-org/segment-zerobias-itm/-/segment-zerobias-itm-1.0.9.tgz",
      "integrity": "sha512-DCprFkY72oceGIpEad/3WbbHP1a9dag2Qc2NPPdyO/gpYpVW/4wm9dBONgJIvbyeM2mnAt5NZXdS+5BDuFwWig==",
      "requires": {
        "@auditlogic/vendor-zerobias": "^1.0.0",
        "@zerobias-org/segment_type-zerobias": "^1.0.9"
      }
    },
    "@zerobias-org/segment-zerobias-itpao": {
      "version": "1.0.9",
      "resolved": "https://pkg.zerobias.org/@zerobias-org/segment-zerobias-itpao/-/segment-zerobias-itpao-1.0.9.tgz",
      "integrity": "sha512-QGSloXFtjjo5MlqLXhgY8JOL8mY4go360h2wbDYfASFitmCj9Wp4va7QtNpty0sqE209jVmiqcdqHC3YSdbnJw==",
      "requires": {
        "@auditlogic/vendor-zerobias": "^1.0.0",
        "@zerobias-org/segment_type-zerobias": "^1.0.9",
        "@zerobias-org/segment-zerobias-itm": "^1.0.9"
      }
    },
    "@zerobias-org/segment-zerobias-nasa": {
      "version": "1.0.10",
      "resolved": "https://pkg.zerobias.org/@zerobias-org/segment-zerobias-nasa/-/segment-zerobias-nasa-1.0.10.tgz",
      "integrity": "sha512-1NAvUmtU/Ix2kTHQnQT7eM5ajttonf3fWXsHJPPJSxfRSg2Y+wQ5nJJqxHB6bWR6RGd52M9WWHeJEV9wL8UXfQ==",
      "requires": {
        "@auditlogic/vendor-zerobias": "^1.0.0",
        "@zerobias-org/segment_type-zerobias": "^1.0.9",
        "@zerobias-org/segment-zerobias-itm": "^1.0.9"
      }
    },
    "@zerobias-org/segment-zerobias-ns": {
      "version": "1.0.9",
      "resolved": "https://pkg.zerobias.org/@zerobias-org/segment-zerobias-ns/-/segment-zerobias-ns-1.0.9.tgz",
      "integrity": "sha512-+v5T99Al5O01CdLCF3rcUWKciVAhb3HFaPgKqCA27ycPhC7wVuxXzt5Jr2LPDq6m5wQgflT5EvOriUhgdCfpiA==",
      "requires": {
        "@auditlogic/vendor-zerobias": "^1.0.0",
        "@zerobias-org/segment_type-zerobias": "^1.0.9",
        "@zerobias-org/segment-zerobias-cs": "^1.0.9"
      }
    },
    "@zerobias-org/segment-zerobias-op": {
      "version": "1.0.9",
      "resolved": "https://pkg.zerobias.org/@zerobias-org/segment-zerobias-op/-/segment-zerobias-op-1.0.9.tgz",
      "integrity": "sha512-k95SKjUhLeoZFTFyLGvjiuIVsjR59c+NppLEAQutPhPuksbbzqz6aB8deRt7VR5NBy9r7NFdrrVHakuyNXmQ+w==",
      "requires": {
        "@auditlogic/vendor-zerobias": "^1.0.0",
        "@zerobias-org/segment_type-zerobias": "^1.0.9",
        "@zerobias-org/segment-zerobias-ba": "^1.0.9"
      }
    },
    "@zerobias-org/segment-zerobias-saad": {
      "version": "1.0.9",
      "resolved": "https://pkg.zerobias.org/@zerobias-org/segment-zerobias-saad/-/segment-zerobias-saad-1.0.9.tgz",
      "integrity": "sha512-Rm5I71cpNzWKAQECCxxg83NJralprIJO7ubTUBf2BA3yLqV9hQmMiJfSVQ/+DUA+FO5JWADQQOdv9D9DRUqJ/A==",
      "requires": {
        "@auditlogic/vendor-zerobias": "^1.0.0",
        "@zerobias-org/segment_type-zerobias": "^1.0.9",
        "@zerobias-org/segment-zerobias-se": "^1.0.9"
      }
    },
    "@zerobias-org/segment-zerobias-se": {
      "version": "1.0.9",
      "resolved": "https://pkg.zerobias.org/@zerobias-org/segment-zerobias-se/-/segment-zerobias-se-1.0.9.tgz",
      "integrity": "sha512-mBC/AOY35lcDBedXUei5N5x/1DyB0tY9FPj3Xy8tZXFVMY3rFS2vXmTVZZvV6tpelTYTuqInkCDvYUIFH4G7zw==",
      "requires": {
        "@auditlogic/vendor-zerobias": "^1.0.0",
        "@zerobias-org/segment_type-zerobias": "^1.0.9"
      }
    },
    "@zerobias-org/segment-zerobias-sg": {
      "version": "1.0.9",
      "resolved": "https://pkg.zerobias.org/@zerobias-org/segment-zerobias-sg/-/segment-zerobias-sg-1.0.9.tgz",
      "integrity": "sha512-gyEjAfG/+pN+AfkqjCv+4WcuszmQbvbfcKgDQ4+mmFeOfXekw1c59C9BBK1IeN5tqE2XWak0L1ZWkU/PskMmoQ==",
      "requires": {
        "@auditlogic/vendor-zerobias": "^1.0.0",
        "@zerobias-org/segment_type-zerobias": "^1.0.9",
        "@zerobias-org/segment-zerobias-cs": "^1.0.9"
      }
    },
    "@zerobias-org/segment-zerobias-spao": {
      "version": "1.0.9",
      "resolved": "https://pkg.zerobias.org/@zerobias-org/segment-zerobias-spao/-/segment-zerobias-spao-1.0.9.tgz",
      "integrity": "sha512-fs7Uyckhcmhgy/6qoNQm5C6BIc/3unH7+4abcjb0RHXFFvmjri6u+dcjxCkvH5CMF7T2Q8Hj5eAbO4VvGhu6uw==",
      "requires": {
        "@auditlogic/vendor-zerobias": "^1.0.0",
        "@zerobias-org/segment_type-zerobias": "^1.0.9",
        "@zerobias-org/segment-zerobias-cs": "^1.0.9"
      }
    }
  }
}
