{
  "name": "@zerobias-org/segment-zerobias-t_siem",
  "version": "2.0.0",
  "lockfileVersion": 3,
  "requires": true,
  "packages": {
    "": {
      "name": "@zerobias-org/segment-zerobias-t_siem",
      "version": "2.0.0",
      "license": "ISC",
      "dependencies": {
        "@auditlogic/vendor-zerobias": "*",
        "@zerobias-org/compliance_feature-zerobias-f_cvwd": "*",
        "@zerobias-org/compliance_feature-zerobias-f_lm": "*",
        "@zerobias-org/compliance_feature-zerobias-f_rta": "*",
        "@zerobias-org/segment_type-zerobias": "*",
        "@zerobias-org/segment-zerobias-c_spao": "*"
      }
    },
    "node_modules/@auditlogic/vendor-zerobias": {
      "version": "1.0.0",
      "integrity": "sha512-+rgU3lJDY04mkQxk8jwKWtCTDVUIDxH5YitnJbp3gNecFqCIIaq6GUXH06ZMSi8pcivWMOuYilyXPYdVlmT2Gw==",
      "license": "ISC"
    },
    "node_modules/@zerobias-org/compliance_feature-zerobias-f_cvwd": {
      "version": "2.0.0",
      "integrity": "sha512-BOvs0XMPbPJbPr5fyDzoE6KTDu2rhCYao0v9qTLRikBwqLIRSKqTDPHYempQ4vFaLhdjYTSpk3jwiQQJPtvpIg==",
      "license": "ISC",
      "dependencies": {
        "@auditlogic/vendor-zerobias": "latest"
      }
    },
    "node_modules/@zerobias-org/compliance_feature-zerobias-f_lm": {
      "version": "2.0.1",
      "integrity": "sha512-iRgG6ue/nzEjbpB3H9GXuTYBJ8N6yEhpD9VYKtM/7af5GqxREvqHJdH/N3tUJ7BB87WGbP+az/0iz60qFUXwdg==",
      "license": "ISC",
      "dependencies": {
        "@auditlogic/vendor-zerobias": "latest"
      }
    },
    "node_modules/@zerobias-org/compliance_feature-zerobias-f_rta": {
      "version": "2.0.0",
      "integrity": "sha512-FaXcGN9zwlmmf9+irRSfDChbhVa9uybwEK3b2veX84hakshgtvLO1qFywwDOGLcvp67DBPgfW4zm5deS2zCCOg==",
      "license": "ISC",
      "dependencies": {
        "@auditlogic/vendor-zerobias": "latest"
      }
    },
    "node_modules/@zerobias-org/segment_type-zerobias": {
      "version": "1.0.15",
      "integrity": "sha512-nYJGXCMnk0LEkogHobbS7+HwRr4aSY2yj1wiG9HqZ6aCKDja2PSha5AVzQFUUY4nN5QlCJoDdKiQPKiqxPf4uw==",
      "license": "ISC",
      "dependencies": {
        "@auditlogic/vendor-zerobias": "^1.0.0"
      }
    },
    "node_modules/@zerobias-org/segment-zerobias-c_spao": {
      "version": "2.0.0",
      "integrity": "sha512-BHTDzt8Y02cJb6Av487Co0MiCjCRWKoZ0MPehSZ5f3AiGw8ypmRdKw4Le61OaS07o5kUwtxKIfo0dD23G3vC8A==",
      "license": "ISC",
      "dependencies": {
        "@auditlogic/vendor-zerobias": "latest",
        "@zerobias-org/segment_type-zerobias": "latest",
        "@zerobias-org/segment-zerobias-d_cs": "latest"
      }
    },
    "node_modules/@zerobias-org/segment-zerobias-d_cs": {
      "version": "2.0.0",
      "integrity": "sha512-Yl6XANt/1ACUO81EFzkVI3WJJx+vVSXMXztpndt+kEMd3Lp3gcEfczHgt+t8Q8twe+T+GPiX8B5vk4KMNg+P4w==",
      "license": "ISC",
      "dependencies": {
        "@auditlogic/vendor-zerobias": "latest",
        "@zerobias-org/segment_type-zerobias": "latest"
      }
    }
  }
}
