{
  "name": "@zerobias-org/segment-zerobias-t_iacs",
  "version": "2.0.0",
  "lockfileVersion": 3,
  "requires": true,
  "packages": {
    "": {
      "name": "@zerobias-org/segment-zerobias-t_iacs",
      "version": "2.0.0",
      "license": "ISC",
      "dependencies": {
        "@auditlogic/vendor-zerobias": "*",
        "@zerobias-org/compliance_feature-zerobias-f_cs": "*",
        "@zerobias-org/compliance_feature-zerobias-f_pace": "*",
        "@zerobias-org/compliance_feature-zerobias-f_sca": "*",
        "@zerobias-org/compliance_feature-zerobias-f_vcaa": "*",
        "@zerobias-org/segment_type-zerobias": "*",
        "@zerobias-org/segment-zerobias-c_is": "*"
      }
    },
    "node_modules/@auditlogic/vendor-zerobias": {
      "version": "1.0.0",
      "integrity": "sha512-+rgU3lJDY04mkQxk8jwKWtCTDVUIDxH5YitnJbp3gNecFqCIIaq6GUXH06ZMSi8pcivWMOuYilyXPYdVlmT2Gw==",
      "license": "ISC"
    },
    "node_modules/@zerobias-org/compliance_feature-zerobias-f_cs": {
      "version": "2.0.0",
      "integrity": "sha512-+T4UBHq5BzHBMeJgGV+YyvJTNKFhoouhhlPGy6F5PxvFQkYPdhq20OFXjvXdANkAGA+qFWjhqRNRynuldIa74Q==",
      "license": "ISC",
      "dependencies": {
        "@auditlogic/vendor-zerobias": "latest"
      }
    },
    "node_modules/@zerobias-org/compliance_feature-zerobias-f_pace": {
      "version": "2.0.0",
      "integrity": "sha512-YP7Ix+E/LEh42z3lXI08Hwz+lY/XuNcIX8RRlneyV9SPnuKbwLVhWaOnTM8NZYbNejpcg0QLmNHLlYgMSL4Q/g==",
      "license": "ISC",
      "dependencies": {
        "@auditlogic/vendor-zerobias": "latest"
      }
    },
    "node_modules/@zerobias-org/compliance_feature-zerobias-f_sca": {
      "version": "2.0.1",
      "integrity": "sha512-vzI0w0wGfyUCdEehjNlA4JtKlW3DbAnn5o/9Bn8+i6pqZkOEYR0OrwOSNi3DKxBiYQYg2fkWhTqpbirSqz5AqA==",
      "license": "ISC",
      "dependencies": {
        "@auditlogic/vendor-zerobias": "latest"
      }
    },
    "node_modules/@zerobias-org/compliance_feature-zerobias-f_vcaa": {
      "version": "2.0.0",
      "integrity": "sha512-AiQE8Yqm7hUqyxRpK7Tf81r2/e2/bhx+ntMQ1mucRvhS5Ub7SY/xIW83A2e9X+Vq/PXOf+EfbLuRdoYIdqo0VQ==",
      "license": "ISC",
      "dependencies": {
        "@auditlogic/vendor-zerobias": "latest"
      }
    },
    "node_modules/@zerobias-org/segment_type-zerobias": {
      "version": "1.0.15",
      "integrity": "sha512-nYJGXCMnk0LEkogHobbS7+HwRr4aSY2yj1wiG9HqZ6aCKDja2PSha5AVzQFUUY4nN5QlCJoDdKiQPKiqxPf4uw==",
      "license": "ISC",
      "dependencies": {
        "@auditlogic/vendor-zerobias": "^1.0.0"
      }
    },
    "node_modules/@zerobias-org/segment-zerobias-c_is": {
      "version": "2.0.0",
      "integrity": "sha512-WXv54MMoBNNGWhxD4cB8iGtVog3x6FQkSzczJVYkbjGlIaMfPDu4NxXQ6iUnLDkNe0VU/L2cu9mS87/XQ5AYFQ==",
      "license": "ISC",
      "dependencies": {
        "@auditlogic/vendor-zerobias": "latest",
        "@zerobias-org/segment_type-zerobias": "latest",
        "@zerobias-org/segment-zerobias-d_cs": "latest"
      }
    },
    "node_modules/@zerobias-org/segment-zerobias-d_cs": {
      "version": "2.0.0",
      "integrity": "sha512-Yl6XANt/1ACUO81EFzkVI3WJJx+vVSXMXztpndt+kEMd3Lp3gcEfczHgt+t8Q8twe+T+GPiX8B5vk4KMNg+P4w==",
      "license": "ISC",
      "dependencies": {
        "@auditlogic/vendor-zerobias": "latest",
        "@zerobias-org/segment_type-zerobias": "latest"
      }
    }
  }
}
