{
  "name": "@zerobias-org/segment-zerobias-t_aica",
  "version": "2.0.1",
  "lockfileVersion": 3,
  "requires": true,
  "packages": {
    "": {
      "name": "@zerobias-org/segment-zerobias-t_aica",
      "version": "2.0.1",
      "license": "ISC",
      "dependencies": {
        "@auditlogic/vendor-zerobias": "*",
        "@zerobias-org/segment_type-zerobias": "*",
        "@zerobias-org/segment-zerobias-c_st": "*"
      }
    },
    "node_modules/@auditlogic/vendor-zerobias": {
      "version": "1.0.0",
      "integrity": "sha512-+rgU3lJDY04mkQxk8jwKWtCTDVUIDxH5YitnJbp3gNecFqCIIaq6GUXH06ZMSi8pcivWMOuYilyXPYdVlmT2Gw==",
      "license": "ISC"
    },
    "node_modules/@zerobias-org/compliance_feature-zerobias-f_aicg": {
      "version": "1.0.0-dev.0",
      "resolved": "https://pkg.zerobias.org/@zerobias-org/compliance_feature-zerobias-f_aicg/-/compliance_feature-zerobias-f_aicg-1.0.0-dev.0.tgz",
      "integrity": "sha512-fEKftoZ8lHLrXIJjD9YyKhFlolvxTt6v+ciXW9cBA2LqTc54ZMe5C0W/sFw+0fIwhKM7AWhT78g5XAI+psOXGQ==",
      "license": "ISC",
      "dependencies": {
        "@auditlogic/vendor-zerobias": "latest"
      }
    },
    "node_modules/@zerobias-org/compliance_feature-zerobias-f_aipf": {
      "version": "2.0.0",
      "resolved": "https://pkg.zerobias.org/@zerobias-org/compliance_feature-zerobias-f_aipf/-/compliance_feature-zerobias-f_aipf-2.0.0.tgz",
      "integrity": "sha512-0txL1g2vAPm+VFCokVrYo5nYYS47A8VQyg9/IaN6r1S7TJye5xx+lT72XqW3xK9ufw+lx+iHDOf0RP325bziLg==",
      "license": "ISC",
      "dependencies": {
        "@auditlogic/vendor-zerobias": "latest"
      }
    },
    "node_modules/@zerobias-org/compliance_feature-zerobias-f_atg": {
      "version": "2.0.0",
      "resolved": "https://pkg.zerobias.org/@zerobias-org/compliance_feature-zerobias-f_atg/-/compliance_feature-zerobias-f_atg-2.0.0.tgz",
      "integrity": "sha512-m+jDEoXTvuobCzWV6U4JdDoK6HheDg0ok6femIT15+caANP6wwBqWLKDdxNZfrRZ/ziGZpkzePPRGm6p103ggA==",
      "license": "ISC",
      "dependencies": {
        "@auditlogic/vendor-zerobias": "latest"
      }
    },
    "node_modules/@zerobias-org/compliance_feature-zerobias-f_iw_des": {
      "version": "2.0.0",
      "resolved": "https://pkg.zerobias.org/@zerobias-org/compliance_feature-zerobias-f_iw_des/-/compliance_feature-zerobias-f_iw_des-2.0.0.tgz",
      "integrity": "sha512-NUls6Gv+yDiYtiUAIKQ3BAjgnrWyruGXfitkES6sfoxsg1FqE3xCd5V/x6Rq4kjE/QKK6WrkmOejdekVFEfLWA==",
      "license": "ISC",
      "dependencies": {
        "@auditlogic/vendor-zerobias": "latest"
      }
    },
    "node_modules/@zerobias-org/compliance_feature-zerobias-f_iw_vcs": {
      "version": "2.0.0",
      "resolved": "https://pkg.zerobias.org/@zerobias-org/compliance_feature-zerobias-f_iw_vcs/-/compliance_feature-zerobias-f_iw_vcs-2.0.0.tgz",
      "integrity": "sha512-7zizElcmbrZkpdLYY7CGU7O2jYPyhXmf9zv+6EufBkv/u72Q3ABE8fBzIYJhkYSK4UcaypFx7lMdY+yDMMxBWA==",
      "license": "ISC",
      "dependencies": {
        "@auditlogic/vendor-zerobias": "latest"
      }
    },
    "node_modules/@zerobias-org/segment_type-zerobias": {
      "version": "1.0.15",
      "integrity": "sha512-nYJGXCMnk0LEkogHobbS7+HwRr4aSY2yj1wiG9HqZ6aCKDja2PSha5AVzQFUUY4nN5QlCJoDdKiQPKiqxPf4uw==",
      "license": "ISC",
      "dependencies": {
        "@auditlogic/vendor-zerobias": "^1.0.0"
      }
    },
    "node_modules/@zerobias-org/segment-zerobias-c_st": {
      "version": "2.0.1",
      "integrity": "sha512-ryYl0ORz1qKgseCQNoy3BPtZvGTnKKMxvaM1GY5Hb4tDHTQAGErArYwiGtAPlwFcu1FUCKtl0FLj/4LKQZ0m1A==",
      "license": "ISC",
      "dependencies": {
        "@auditlogic/vendor-zerobias": "*",
        "@zerobias-org/segment_type-zerobias": "*",
        "@zerobias-org/segment-zerobias-d_sd": "*"
      }
    },
    "node_modules/@zerobias-org/segment-zerobias-d_sd": {
      "version": "2.0.1",
      "integrity": "sha512-sk9D0SV3e0zn6tafQ74BYrvvkNS5UG0eJ8R5l7IuA8iR9Udr0T66kOOBTFewcZu5/BdC1W9GN+sCMXlvLpg1jg==",
      "license": "ISC",
      "dependencies": {
        "@auditlogic/vendor-zerobias": "*",
        "@zerobias-org/segment_type-zerobias": "*"
      }
    }
  }
}
