{
  "name": "@zerobias-org/segment-zerobias-t_cs",
  "version": "2.0.0",
  "lockfileVersion": 3,
  "requires": true,
  "packages": {
    "": {
      "name": "@zerobias-org/segment-zerobias-t_cs",
      "version": "2.0.0",
      "license": "ISC",
      "dependencies": {
        "@auditlogic/vendor-zerobias": "*",
        "@zerobias-org/compliance_feature-zerobias-f_cfw": "*",
        "@zerobias-org/compliance_feature-zerobias-f_dspc": "*",
        "@zerobias-org/compliance_feature-zerobias-f_ir": "*",
        "@zerobias-org/compliance_feature-zerobias-f_isav": "*",
        "@zerobias-org/compliance_feature-zerobias-f_ns": "*",
        "@zerobias-org/compliance_feature-zerobias-f_rbac": "*",
        "@zerobias-org/compliance_feature-zerobias-f_rbpa": "*",
        "@zerobias-org/compliance_feature-zerobias-f_rtm": "*",
        "@zerobias-org/compliance_feature-zerobias-f_sr": "*",
        "@zerobias-org/compliance_feature-zerobias-f_vs": "*",
        "@zerobias-org/segment_type-zerobias": "*",
        "@zerobias-org/segment-zerobias-c_is": "*"
      }
    },
    "node_modules/@auditlogic/vendor-zerobias": {
      "version": "1.0.0",
      "integrity": "sha512-+rgU3lJDY04mkQxk8jwKWtCTDVUIDxH5YitnJbp3gNecFqCIIaq6GUXH06ZMSi8pcivWMOuYilyXPYdVlmT2Gw==",
      "license": "ISC"
    },
    "node_modules/@zerobias-org/compliance_feature-zerobias-f_cfw": {
      "version": "2.0.0",
      "integrity": "sha512-dNhRZnhpNHHuuAtK7GdQjvKPCjYVu3YBhgE+3JzujRtiKSKFLZghKt+AqoB+uM9jkQ34esMwoOq0AZNpbud5bQ==",
      "license": "ISC",
      "dependencies": {
        "@auditlogic/vendor-zerobias": "latest"
      }
    },
    "node_modules/@zerobias-org/compliance_feature-zerobias-f_dspc": {
      "version": "2.0.0",
      "integrity": "sha512-lH5LVJ7MBQq+GuEMh2Nj9qTnPUoOdJp6WXY30BQo2u0LmXmObFIs2JM7y09k4SQLgfhdofU51NpmYpALgInrVg==",
      "license": "ISC",
      "dependencies": {
        "@auditlogic/vendor-zerobias": "latest"
      }
    },
    "node_modules/@zerobias-org/compliance_feature-zerobias-f_ir": {
      "version": "2.0.0",
      "integrity": "sha512-PUVbP5evqvHHdYR4uzlaqtUOz4Ny1bbs1PZGbIThWOm3JN9zHlK8GALMUSKsnN4Sn9w4p/GQ71KCDX1fdEa8AQ==",
      "license": "ISC",
      "dependencies": {
        "@auditlogic/vendor-zerobias": "latest"
      }
    },
    "node_modules/@zerobias-org/compliance_feature-zerobias-f_isav": {
      "version": "2.0.0",
      "integrity": "sha512-U5Ze97RTarMsAwZzEJwaui08dlWatf18SdVe+Njes7wp66sZmaPweF9L5BEA9lQnofaHdomvh8mdahlndfV63g==",
      "license": "ISC",
      "dependencies": {
        "@auditlogic/vendor-zerobias": "latest"
      }
    },
    "node_modules/@zerobias-org/compliance_feature-zerobias-f_ns": {
      "version": "2.0.0",
      "integrity": "sha512-xOqOafgLprkgVnQB7MSHUyAIVQe3RP4cFP+gWhMmJOBR3cPQlOo1fIfZrgoPPxfLBhf6ymNp8d9dSNcbWSpgRA==",
      "license": "ISC",
      "dependencies": {
        "@auditlogic/vendor-zerobias": "latest"
      }
    },
    "node_modules/@zerobias-org/compliance_feature-zerobias-f_rbac": {
      "version": "2.0.1",
      "integrity": "sha512-9njW+xconm5bI4EMgmhsG+sk7BE7t7omwJJw7OG9gjVx7SdcYEf4Q+nrJ7TGzxz8zaAtESOGJ46jtzeJPBNT7w==",
      "license": "ISC",
      "dependencies": {
        "@auditlogic/vendor-zerobias": "latest"
      }
    },
    "node_modules/@zerobias-org/compliance_feature-zerobias-f_rbpa": {
      "version": "2.0.0",
      "integrity": "sha512-DJSJBKkf+5Tdz6AHkgfEr3ejJ2b4inoey9PO0xmXrjH3PYP5URCL9wpjTul+QJXhpk1daboOz4yq0EkE9bkSZg==",
      "license": "ISC",
      "dependencies": {
        "@auditlogic/vendor-zerobias": "latest"
      }
    },
    "node_modules/@zerobias-org/compliance_feature-zerobias-f_rtm": {
      "version": "2.0.0",
      "integrity": "sha512-9PoYsTrmn5Qguxvt6pEyt0KE3Tqo9007hckCf2Y7LsqCrWr173PF1ZJC9eGNFsqahgbKxKgSaxGAbmN/ZvTgow==",
      "license": "ISC",
      "dependencies": {
        "@auditlogic/vendor-zerobias": "latest"
      }
    },
    "node_modules/@zerobias-org/compliance_feature-zerobias-f_sr": {
      "version": "2.0.0",
      "integrity": "sha512-+RLe5u+dqp3WXbklNU7srxH/C3ZtZJfuRshgok54itgxXY6fsqyp5LsYspw8ZloUWOdqXmfYAXOpJeFr1EABdg==",
      "license": "ISC",
      "dependencies": {
        "@auditlogic/vendor-zerobias": "latest"
      }
    },
    "node_modules/@zerobias-org/compliance_feature-zerobias-f_vs": {
      "version": "2.0.1",
      "integrity": "sha512-68tOKV+bAkik3A0wwu65F8zaZIwGKGJkuYYWe7KHr/mjvu90J8uE8csNGXDe1nA57W6SuNnAJdCBXc4SdpWIHg==",
      "license": "ISC",
      "dependencies": {
        "@auditlogic/vendor-zerobias": "latest"
      }
    },
    "node_modules/@zerobias-org/segment_type-zerobias": {
      "version": "1.0.15",
      "integrity": "sha512-nYJGXCMnk0LEkogHobbS7+HwRr4aSY2yj1wiG9HqZ6aCKDja2PSha5AVzQFUUY4nN5QlCJoDdKiQPKiqxPf4uw==",
      "license": "ISC",
      "dependencies": {
        "@auditlogic/vendor-zerobias": "^1.0.0"
      }
    },
    "node_modules/@zerobias-org/segment-zerobias-c_is": {
      "version": "2.0.0",
      "integrity": "sha512-WXv54MMoBNNGWhxD4cB8iGtVog3x6FQkSzczJVYkbjGlIaMfPDu4NxXQ6iUnLDkNe0VU/L2cu9mS87/XQ5AYFQ==",
      "license": "ISC",
      "dependencies": {
        "@auditlogic/vendor-zerobias": "latest",
        "@zerobias-org/segment_type-zerobias": "latest",
        "@zerobias-org/segment-zerobias-d_cs": "latest"
      }
    },
    "node_modules/@zerobias-org/segment-zerobias-d_cs": {
      "version": "2.0.0",
      "integrity": "sha512-Yl6XANt/1ACUO81EFzkVI3WJJx+vVSXMXztpndt+kEMd3Lp3gcEfczHgt+t8Q8twe+T+GPiX8B5vk4KMNg+P4w==",
      "license": "ISC",
      "dependencies": {
        "@auditlogic/vendor-zerobias": "latest",
        "@zerobias-org/segment_type-zerobias": "latest"
      }
    }
  }
}
