{
  "name": "@zerobias-org/segment-zerobias-t_cbids",
  "version": "1.0.3",
  "lockfileVersion": 2,
  "requires": true,
  "packages": {
    "": {
      "name": "@zerobias-org/segment-zerobias-t_cbids",
      "version": "1.0.3",
      "license": "ISC",
      "dependencies": {
        "@auditlogic/vendor-zerobias": "latest",
        "@zerobias-org/compliance_feature-zerobias-f_lm": "latest",
        "@zerobias-org/compliance_feature-zerobias-f_rta": "latest",
        "@zerobias-org/segment_type-zerobias": "latest",
        "@zerobias-org/segment-zerobias-c_is": "latest"
      }
    },
    "node_modules/@auditlogic/vendor-zerobias": {
      "version": "1.0.0",
      "resolved": "https://pkg.zerobias.org/@auditlogic/vendor-zerobias/-/e051a99849948ce67721da0d5215aae8e293906e",
      "integrity": "sha512-+rgU3lJDY04mkQxk8jwKWtCTDVUIDxH5YitnJbp3gNecFqCIIaq6GUXH06ZMSi8pcivWMOuYilyXPYdVlmT2Gw=="
    },
    "node_modules/@zerobias-org/compliance_feature-zerobias-f_lm": {
      "version": "1.0.1",
      "resolved": "https://pkg.zerobias.org/@zerobias-org/compliance_feature-zerobias-f_lm/-/compliance_feature-zerobias-f_lm-1.0.1.tgz",
      "integrity": "sha512-Z6nZ5dsluvth5nrrRxu1dkeB4LvzsFxy37c+gAiYHeUVJ6fJHDQjCHp+4mA2o+IHfq89vOuWOe+U5fG8htH1kQ==",
      "license": "ISC",
      "dependencies": {
        "@auditlogic/vendor-zerobias": "latest"
      }
    },
    "node_modules/@zerobias-org/compliance_feature-zerobias-f_rta": {
      "version": "1.0.1",
      "resolved": "https://pkg.zerobias.org/@zerobias-org/compliance_feature-zerobias-f_rta/-/compliance_feature-zerobias-f_rta-1.0.1.tgz",
      "integrity": "sha512-wIGBlDuggjNziji3JDQA0Sn6t/c7C5msZBPToXKidaJgc+FTxNtUIGBXELr1WiYBzIMEsgfB+K3P9iLkydA5Jg==",
      "license": "ISC",
      "dependencies": {
        "@auditlogic/vendor-zerobias": "latest"
      }
    },
    "node_modules/@zerobias-org/segment_type-zerobias": {
      "version": "1.0.14",
      "resolved": "https://pkg.zerobias.org/@zerobias-org/segment_type-zerobias/-/segment_type-zerobias-1.0.14.tgz",
      "integrity": "sha512-oYwwUq/7FcvLBS8JLlgG93tuRepHYa2qPfrCpe+gxzC+1mFYvbUcXifRKCAOtK/UOVcZMgPdbmpZppDlE3MkzQ==",
      "dependencies": {
        "@auditlogic/vendor-zerobias": "^1.0.0"
      }
    },
    "node_modules/@zerobias-org/segment-zerobias-c_is": {
      "version": "1.0.1",
      "resolved": "https://pkg.zerobias.org/@zerobias-org/segment-zerobias-c_is/-/segment-zerobias-c_is-1.0.1.tgz",
      "integrity": "sha512-NPq5jShsKdTPd7s7uSh4KhN28rBy5yJ2V2xZkJGVrBVmfqzoxUiygQosrSRFEvt9jZNG2qkRZHpxrvoN4Ez92A==",
      "dependencies": {
        "@auditlogic/vendor-zerobias": "latest",
        "@zerobias-org/segment_type-zerobias": "latest",
        "@zerobias-org/segment-zerobias-d_cs": "^1.0.1"
      }
    },
    "node_modules/@zerobias-org/segment-zerobias-d_cs": {
      "version": "1.0.1",
      "resolved": "https://pkg.zerobias.org/@zerobias-org/segment-zerobias-d_cs/-/segment-zerobias-d_cs-1.0.1.tgz",
      "integrity": "sha512-JQwWlUnpuSmfhLngnors9M7sCpQbPSGsq8d91l+fF8qodBBvMF1uDdM/SkZjYKzkPCBej0sKXSrEqx4PZHEGLQ==",
      "dependencies": {
        "@auditlogic/vendor-zerobias": "latest",
        "@zerobias-org/segment_type-zerobias": "latest"
      }
    }
  },
  "dependencies": {
    "@auditlogic/vendor-zerobias": {
      "version": "1.0.0",
      "resolved": "https://pkg.zerobias.org/@auditlogic/vendor-zerobias/-/e051a99849948ce67721da0d5215aae8e293906e",
      "integrity": "sha512-+rgU3lJDY04mkQxk8jwKWtCTDVUIDxH5YitnJbp3gNecFqCIIaq6GUXH06ZMSi8pcivWMOuYilyXPYdVlmT2Gw=="
    },
    "@zerobias-org/compliance_feature-zerobias-f_lm": {
      "version": "1.0.1",
      "resolved": "https://pkg.zerobias.org/@zerobias-org/compliance_feature-zerobias-f_lm/-/compliance_feature-zerobias-f_lm-1.0.1.tgz",
      "integrity": "sha512-Z6nZ5dsluvth5nrrRxu1dkeB4LvzsFxy37c+gAiYHeUVJ6fJHDQjCHp+4mA2o+IHfq89vOuWOe+U5fG8htH1kQ==",
      "requires": {
        "@auditlogic/vendor-zerobias": "latest"
      }
    },
    "@zerobias-org/compliance_feature-zerobias-f_rta": {
      "version": "1.0.1",
      "resolved": "https://pkg.zerobias.org/@zerobias-org/compliance_feature-zerobias-f_rta/-/compliance_feature-zerobias-f_rta-1.0.1.tgz",
      "integrity": "sha512-wIGBlDuggjNziji3JDQA0Sn6t/c7C5msZBPToXKidaJgc+FTxNtUIGBXELr1WiYBzIMEsgfB+K3P9iLkydA5Jg==",
      "requires": {
        "@auditlogic/vendor-zerobias": "latest"
      }
    },
    "@zerobias-org/segment_type-zerobias": {
      "version": "1.0.14",
      "resolved": "https://pkg.zerobias.org/@zerobias-org/segment_type-zerobias/-/segment_type-zerobias-1.0.14.tgz",
      "integrity": "sha512-oYwwUq/7FcvLBS8JLlgG93tuRepHYa2qPfrCpe+gxzC+1mFYvbUcXifRKCAOtK/UOVcZMgPdbmpZppDlE3MkzQ==",
      "requires": {
        "@auditlogic/vendor-zerobias": "^1.0.0"
      }
    },
    "@zerobias-org/segment-zerobias-c_is": {
      "version": "1.0.1",
      "resolved": "https://pkg.zerobias.org/@zerobias-org/segment-zerobias-c_is/-/segment-zerobias-c_is-1.0.1.tgz",
      "integrity": "sha512-NPq5jShsKdTPd7s7uSh4KhN28rBy5yJ2V2xZkJGVrBVmfqzoxUiygQosrSRFEvt9jZNG2qkRZHpxrvoN4Ez92A==",
      "requires": {
        "@auditlogic/vendor-zerobias": "latest",
        "@zerobias-org/segment_type-zerobias": "latest",
        "@zerobias-org/segment-zerobias-d_cs": "^1.0.1"
      }
    },
    "@zerobias-org/segment-zerobias-d_cs": {
      "version": "1.0.1",
      "resolved": "https://pkg.zerobias.org/@zerobias-org/segment-zerobias-d_cs/-/segment-zerobias-d_cs-1.0.1.tgz",
      "integrity": "sha512-JQwWlUnpuSmfhLngnors9M7sCpQbPSGsq8d91l+fF8qodBBvMF1uDdM/SkZjYKzkPCBej0sKXSrEqx4PZHEGLQ==",
      "requires": {
        "@auditlogic/vendor-zerobias": "latest",
        "@zerobias-org/segment_type-zerobias": "latest"
      }
    }
  }
}
