{
  "name": "@zerobias-org/segment-zerobias-t_itsm",
  "version": "2.0.1",
  "lockfileVersion": 3,
  "requires": true,
  "packages": {
    "": {
      "name": "@zerobias-org/segment-zerobias-t_itsm",
      "version": "2.0.1",
      "license": "ISC",
      "dependencies": {
        "@auditlogic/vendor-zerobias": "*",
        "@zerobias-org/compliance_feature-zerobias-f_carm": "*",
        "@zerobias-org/compliance_feature-zerobias-f_cm": "*",
        "@zerobias-org/compliance_feature-zerobias-f_im": "*",
        "@zerobias-org/compliance_feature-zerobias-f_km": "*",
        "@zerobias-org/compliance_feature-zerobias-f_raa": "*",
        "@zerobias-org/compliance_feature-zerobias-f_slm": "*",
        "@zerobias-org/compliance_feature-zerobias-f_swa": "*",
        "@zerobias-org/segment_type-zerobias": "*",
        "@zerobias-org/segment-zerobias-c_itpao": "*"
      }
    },
    "node_modules/@auditlogic/vendor-zerobias": {
      "version": "1.0.0",
      "integrity": "sha512-+rgU3lJDY04mkQxk8jwKWtCTDVUIDxH5YitnJbp3gNecFqCIIaq6GUXH06ZMSi8pcivWMOuYilyXPYdVlmT2Gw==",
      "license": "ISC"
    },
    "node_modules/@zerobias-org/compliance_feature-zerobias-f_carm": {
      "version": "2.0.1",
      "integrity": "sha512-ir8c2tEhZjoLI2IMjZtwM2Fhf+i50o5LtRevWauFmJio5CbcXLDbSc4TF7UZXiFTZzQrRRXulgvPtx3F1Yyvyg==",
      "license": "ISC",
      "dependencies": {
        "@auditlogic/vendor-zerobias": "latest"
      }
    },
    "node_modules/@zerobias-org/compliance_feature-zerobias-f_cm": {
      "version": "2.0.0",
      "integrity": "sha512-z92fLzmB1fYhJdhOg5neWciuC22B+OHLSCxhKUvS7gMiuj85iO7sm/L3stxRY7HLEoiv0+9RZg/5kZQ8b58Ssg==",
      "license": "ISC",
      "dependencies": {
        "@auditlogic/vendor-zerobias": "latest"
      }
    },
    "node_modules/@zerobias-org/compliance_feature-zerobias-f_im": {
      "version": "2.0.0",
      "integrity": "sha512-ioz7e1jyKbaCgg++wtF6q8oqrDfimaHJxoOL+G7TCQ7Ilb1OqVdXxRsPcIJ2UuzmsQrJrEoBZyHY4Gdhya97/w==",
      "license": "ISC",
      "dependencies": {
        "@auditlogic/vendor-zerobias": "latest"
      }
    },
    "node_modules/@zerobias-org/compliance_feature-zerobias-f_km": {
      "version": "2.0.0",
      "integrity": "sha512-rp2fYWwFkpdI8WLyDbCvpq7fu6QmCQ8UI0XY96gu8Le8igscaDa2ebgYR+6NTxhnlVkluycxEAd1buCUQ3fjkQ==",
      "license": "ISC",
      "dependencies": {
        "@auditlogic/vendor-zerobias": "latest"
      }
    },
    "node_modules/@zerobias-org/compliance_feature-zerobias-f_raa": {
      "version": "2.0.0",
      "integrity": "sha512-E4LGRTslXOAeRCjH2OxQpIiBLrUBWo/pXubzKpbKro8Kqk3e6QykXSOkqNR64bMYSA4diBEPzX1uCbtO0tbE6Q==",
      "license": "ISC",
      "dependencies": {
        "@auditlogic/vendor-zerobias": "latest"
      }
    },
    "node_modules/@zerobias-org/compliance_feature-zerobias-f_slm": {
      "version": "2.0.0",
      "integrity": "sha512-DS8EIbFw12M8r4z865pBIkbIKsbLjaS1EfTbDMyhcOgIo+nFxRHWZDwVydaEnT+pcCvp2BO9JXkP/65SnysSJQ==",
      "license": "ISC",
      "dependencies": {
        "@auditlogic/vendor-zerobias": "latest"
      }
    },
    "node_modules/@zerobias-org/compliance_feature-zerobias-f_swa": {
      "version": "2.0.0",
      "integrity": "sha512-kTCl1y7FR+Ds4gr4d35jA3n+aDO6LBQhlcPG6uUwXy9lAgHP/P/ySivwR7lrF4S3ZxxTJyaPeQBzhx6sQCcGzg==",
      "license": "ISC",
      "dependencies": {
        "@auditlogic/vendor-zerobias": "latest"
      }
    },
    "node_modules/@zerobias-org/segment_type-zerobias": {
      "version": "1.0.15",
      "integrity": "sha512-nYJGXCMnk0LEkogHobbS7+HwRr4aSY2yj1wiG9HqZ6aCKDja2PSha5AVzQFUUY4nN5QlCJoDdKiQPKiqxPf4uw==",
      "license": "ISC",
      "dependencies": {
        "@auditlogic/vendor-zerobias": "^1.0.0"
      }
    },
    "node_modules/@zerobias-org/segment-zerobias-c_itpao": {
      "version": "2.0.1",
      "integrity": "sha512-fqpum71Bo+nmBOXL5aeayqrHXNWXWuuxZB/dONK/8IAekCSfUQW/YK3LpYmKaJlVB2mmMNcBr/682ZY9YFauDg==",
      "license": "ISC",
      "dependencies": {
        "@auditlogic/vendor-zerobias": "*",
        "@zerobias-org/segment_type-zerobias": "*",
        "@zerobias-org/segment-zerobias-d_itm": "*"
      }
    },
    "node_modules/@zerobias-org/segment-zerobias-d_itm": {
      "version": "2.0.1",
      "integrity": "sha512-CMfJF4vbWs//eZcFTIDRRzibTFZn2g0OACQCQnFZY6aOuiyw9hTdjbQzo8HiDqW61o6KNnh5GV9s3Dd4kLROYA==",
      "license": "ISC",
      "dependencies": {
        "@auditlogic/vendor-zerobias": "*",
        "@zerobias-org/segment_type-zerobias": "*"
      }
    }
  }
}
